// !$*UTF8*$!
{
	archiveVersion = 1;
	classes = {
	};
	objectVersion = 46;
	objects = {

/* Begin PBXBuildFile section */
		8145B61F1A08AD4C00240CDF /* DeviceListViewController.m in Sources */ = {isa = PBXBuildFile; fileRef = 8145B61E1A08AD4C00240CDF /* DeviceListViewController.m */; };
		8145B6221A08AE8000240CDF /* NetworkManager.m in Sources */ = {isa = PBXBuildFile; fileRef = 8145B6211A08AE8000240CDF /* NetworkManager.m */; };
		8145B6291A08FA4700240CDF /* ElementCell_iPhone.xib in Resources */ = {isa = PBXBuildFile; fileRef = 8145B6281A08FA4700240CDF /* ElementCell_iPhone.xib */; };
		8168A52D1A09FD09005943EA /* LocalAuthentication.framework in Frameworks */ = {isa = PBXBuildFile; fileRef = 8145B6231A08C1AA00240CDF /* LocalAuthentication.framework */; settings = {ATTRIBUTES = (Weak, ); }; };
		8168A5381A0A8533005943EA /* DeviceListingCell.xib in Resources */ = {isa = PBXBuildFile; fileRef = 8168A5371A0A8533005943EA /* DeviceListingCell.xib */; };
		81B8D1211A0B49E30021CC84 /* DeviceListingCell.m in Sources */ = {isa = PBXBuildFile; fileRef = 81B8D1201A0B49E30021CC84 /* DeviceListingCell.m */; };
		81B8D1231A0B569A0021CC84 /* back.png in Resources */ = {isa = PBXBuildFile; fileRef = 81B8D1221A0B569A0021CC84 /* back.png */; };
		81B8D1281A0B58040021CC84 /* DeviceSettingsController.m in Sources */ = {isa = PBXBuildFile; fileRef = 81B8D1271A0B58040021CC84 /* DeviceSettingsController.m */; };
		81B8D14C1A0BB9000021CC84 /* GCDAsyncUdpSocket.m in Sources */ = {isa = PBXBuildFile; fileRef = 81B8D12B1A0BB9000021CC84 /* GCDAsyncUdpSocket.m */; };
		81B8D14D1A0BB9000021CC84 /* GTMMethodCheck.m in Sources */ = {isa = PBXBuildFile; fileRef = 81B8D12F1A0BB9000021CC84 /* GTMMethodCheck.m */; };
		81B8D14E1A0BB9000021CC84 /* GTMNSDictionary+URLArguments.m in Sources */ = {isa = PBXBuildFile; fileRef = 81B8D1311A0BB9000021CC84 /* GTMNSDictionary+URLArguments.m */; };
		81B8D14F1A0BB9000021CC84 /* GTMNSScanner+Unsigned.m in Sources */ = {isa = PBXBuildFile; fileRef = 81B8D1331A0BB9000021CC84 /* GTMNSScanner+Unsigned.m */; };
		81B8D1501A0BB9000021CC84 /* GTMNSString+URLArguments.m in Sources */ = {isa = PBXBuildFile; fileRef = 81B8D1351A0BB9000021CC84 /* GTMNSString+URLArguments.m */; };
		81B8D1511A0BB9000021CC84 /* GTMObjC2Runtime.m in Sources */ = {isa = PBXBuildFile; fileRef = 81B8D1371A0BB9000021CC84 /* GTMObjC2Runtime.m */; };
		81B8D1521A0BB9000021CC84 /* GTMStringEncoding.m in Sources */ = {isa = PBXBuildFile; fileRef = 81B8D1391A0BB9000021CC84 /* GTMStringEncoding.m */; settings = {COMPILER_FLAGS = "-fno-objc-arc"; }; };
		81B8D1531A0BB9000021CC84 /* HOTPGenerator.m in Sources */ = {isa = PBXBuildFile; fileRef = 81B8D13C1A0BB9000021CC84 /* HOTPGenerator.m */; };
		81B8D1541A0BB9000021CC84 /* OTPAuthURL.m in Sources */ = {isa = PBXBuildFile; fileRef = 81B8D13E1A0BB9000021CC84 /* OTPAuthURL.m */; };
		81B8D1551A0BB9000021CC84 /* OTPGenerator.m in Sources */ = {isa = PBXBuildFile; fileRef = 81B8D1401A0BB9000021CC84 /* OTPGenerator.m */; };
		81B8D1561A0BB9000021CC84 /* TOTPGenerator.m in Sources */ = {isa = PBXBuildFile; fileRef = 81B8D1421A0BB9000021CC84 /* TOTPGenerator.m */; };
		81B8D1571A0BB9000021CC84 /* base64.c in Sources */ = {isa = PBXBuildFile; fileRef = 81B8D1441A0BB9000021CC84 /* base64.c */; };
		81B8D1581A0BB9000021CC84 /* LICENCE.txt in Resources */ = {isa = PBXBuildFile; fileRef = 81B8D1461A0BB9000021CC84 /* LICENCE.txt */; };
		81B8D1591A0BB9000021CC84 /* NSData+SRB64Additions.m in Sources */ = {isa = PBXBuildFile; fileRef = 81B8D1481A0BB9000021CC84 /* NSData+SRB64Additions.m */; };
		81B8D15A1A0BB9000021CC84 /* README.md in Sources */ = {isa = PBXBuildFile; fileRef = 81B8D1491A0BB9000021CC84 /* README.md */; };
		81B8D15B1A0BB9000021CC84 /* SRWebSocket.m in Sources */ = {isa = PBXBuildFile; fileRef = 81B8D14B1A0BB9000021CC84 /* SRWebSocket.m */; };
		81B8D1631A0BB9600021CC84 /* Client.m in Sources */ = {isa = PBXBuildFile; fileRef = 81B8D15D1A0BB9600021CC84 /* Client.m */; };
		81B8D1641A0BB9600021CC84 /* Devices.m in Sources */ = {isa = PBXBuildFile; fileRef = 81B8D15E1A0BB9600021CC84 /* Devices.m */; };
		81B8D1651A0BB9600021CC84 /* Monitor.m in Sources */ = {isa = PBXBuildFile; fileRef = 81B8D15F1A0BB9600021CC84 /* Monitor.m */; };
		81B8D1661A0BB9600021CC84 /* Perform.m in Sources */ = {isa = PBXBuildFile; fileRef = 81B8D1601A0BB9600021CC84 /* Perform.m */; };
		81B8D1671A0BB9600021CC84 /* Steward.m in Sources */ = {isa = PBXBuildFile; fileRef = 81B8D1611A0BB9600021CC84 /* Steward.m */; };
		81B8D1681A0BB9600021CC84 /* Util.m in Sources */ = {isa = PBXBuildFile; fileRef = 81B8D1621A0BB9600021CC84 /* Util.m */; };
		81B8D16A1A0BBA9D0021CC84 /* UIKit.framework in Frameworks */ = {isa = PBXBuildFile; fileRef = 81B8D1691A0BBA9D0021CC84 /* UIKit.framework */; };
		81C5B6D41A0367E40027427D /* Utility.m in Sources */ = {isa = PBXBuildFile; fileRef = 81C5B6D31A0367E40027427D /* Utility.m */; };
		AF124B121A03567A00F9591D /* DashBoardController.m in Sources */ = {isa = PBXBuildFile; fileRef = AF124B011A03567A00F9591D /* DashBoardController.m */; };
		AF124B131A03567A00F9591D /* LoginViewController.m in Sources */ = {isa = PBXBuildFile; fileRef = AF124B071A03567A00F9591D /* LoginViewController.m */; };
		AF124B141A03567A00F9591D /* ProfileViewController.m in Sources */ = {isa = PBXBuildFile; fileRef = AF124B0D1A03567A00F9591D /* ProfileViewController.m */; };
		AF124B151A03567A00F9591D /* ProfileViewController.xib in Resources */ = {isa = PBXBuildFile; fileRef = AF124B101A03567A00F9591D /* ProfileViewController.xib */; };
		AF124BC01A0356DE00F9591D /* ElementCell.m in Sources */ = {isa = PBXBuildFile; fileRef = AF124BBB1A0356DE00F9591D /* ElementCell.m */; };
		AF124BC11A0356DE00F9591D /* ElementCell.xib in Resources */ = {isa = PBXBuildFile; fileRef = AF124BBC1A0356DE00F9591D /* ElementCell.xib */; };
		AF124BC21A0356DE00F9591D /* TotalElementCell.m in Sources */ = {isa = PBXBuildFile; fileRef = AF124BBE1A0356DE00F9591D /* TotalElementCell.m */; };
		AF124BC31A0356DE00F9591D /* TotalElements.xib in Resources */ = {isa = PBXBuildFile; fileRef = AF124BBF1A0356DE00F9591D /* TotalElements.xib */; };
		AF124C171A035B7200F9591D /* bulb_icon.png in Resources */ = {isa = PBXBuildFile; fileRef = AF124BC71A035B7200F9591D /* bulb_icon.png */; };
		AF124C181A035B7200F9591D /* bulb_icon@2x.png in Resources */ = {isa = PBXBuildFile; fileRef = AF124BC81A035B7200F9591D /* bulb_icon@2x.png */; };
		AF124C191A035B7200F9591D /* chromecast_icon.png in Resources */ = {isa = PBXBuildFile; fileRef = AF124BC91A035B7200F9591D /* chromecast_icon.png */; };
		AF124C1A1A035B7200F9591D /* door_icon.png in Resources */ = {isa = PBXBuildFile; fileRef = AF124BCA1A035B7200F9591D /* door_icon.png */; };
		AF124C1B1A035B7200F9591D /* door_icon@2x.png in Resources */ = {isa = PBXBuildFile; fileRef = AF124BCB1A035B7200F9591D /* door_icon@2x.png */; };
		AF124C1C1A035B7200F9591D /* electronics_icon.png in Resources */ = {isa = PBXBuildFile; fileRef = AF124BCC1A035B7200F9591D /* electronics_icon.png */; };
		AF124C1D1A035B7200F9591D /* electronics_icon@2x.png in Resources */ = {isa = PBXBuildFile; fileRef = AF124BCD1A035B7200F9591D /* electronics_icon@2x.png */; };
		AF124C1E1A035B7200F9591D /* frequen_bg.png in Resources */ = {isa = PBXBuildFile; fileRef = AF124BCE1A035B7200F9591D /* frequen_bg.png */; };
		AF124C1F1A035B7200F9591D /* frequen_bg@2x.png in Resources */ = {isa = PBXBuildFile; fileRef = AF124BCF1A035B7200F9591D /* frequen_bg@2x.png */; };
		AF124C201A035B7200F9591D /* heat_icon.png in Resources */ = {isa = PBXBuildFile; fileRef = AF124BD01A035B7200F9591D /* heat_icon.png */; };
		AF124C211A035B7200F9591D /* heat_icon@2x.png in Resources */ = {isa = PBXBuildFile; fileRef = AF124BD11A035B7200F9591D /* heat_icon@2x.png */; };
		AF124C221A035B7200F9591D /* home_parts_bg.png in Resources */ = {isa = PBXBuildFile; fileRef = AF124BD21A035B7200F9591D /* home_parts_bg.png */; };
		AF124C231A035B7200F9591D /* home_parts_bg@2x.png in Resources */ = {isa = PBXBuildFile; fileRef = AF124BD31A035B7200F9591D /* home_parts_bg@2x.png */; };
		AF124C241A035B7200F9591D /* horiz_line.png in Resources */ = {isa = PBXBuildFile; fileRef = AF124BD41A035B7200F9591D /* horiz_line.png */; };
		AF124C251A035B7200F9591D /* horiz_line@2x.png in Resources */ = {isa = PBXBuildFile; fileRef = AF124BD51A035B7200F9591D /* horiz_line@2x.png */; };
		AF124C261A035B7200F9591D /* hue_icon.png in Resources */ = {isa = PBXBuildFile; fileRef = AF124BD61A035B7200F9591D /* hue_icon.png */; };
		AF124C271A035B7200F9591D /* key_icon.png in Resources */ = {isa = PBXBuildFile; fileRef = AF124BD71A035B7200F9591D /* key_icon.png */; };
		AF124C281A035B7200F9591D /* key_icon@2x.png in Resources */ = {isa = PBXBuildFile; fileRef = AF124BD81A035B7200F9591D /* key_icon@2x.png */; };
		AF124C291A035B7200F9591D /* lifx_icon.png in Resources */ = {isa = PBXBuildFile; fileRef = AF124BD91A035B7200F9591D /* lifx_icon.png */; };
		AF124C2A1A035B7200F9591D /* light_icon.png in Resources */ = {isa = PBXBuildFile; fileRef = AF124BDA1A035B7200F9591D /* light_icon.png */; };
		AF124C2B1A035B7200F9591D /* light_icon@2x.png in Resources */ = {isa = PBXBuildFile; fileRef = AF124BDB1A035B7200F9591D /* light_icon@2x.png */; };
		AF124C2C1A035B7200F9591D /* menu_icon.png in Resources */ = {isa = PBXBuildFile; fileRef = AF124BDC1A035B7200F9591D /* menu_icon.png */; };
		AF124C2D1A035B7200F9591D /* menu_icon@2x.png in Resources */ = {isa = PBXBuildFile; fileRef = AF124BDD1A035B7200F9591D /* menu_icon@2x.png */; };
		AF124C2E1A035B7200F9591D /* moisture_icon.png in Resources */ = {isa = PBXBuildFile; fileRef = AF124BDE1A035B7200F9591D /* moisture_icon.png */; };
		AF124C2F1A035B7200F9591D /* moisture_icon@2x.png in Resources */ = {isa = PBXBuildFile; fileRef = AF124BDF1A035B7200F9591D /* moisture_icon@2x.png */; };
		AF124C301A035B7200F9591D /* more_icon.png in Resources */ = {isa = PBXBuildFile; fileRef = AF124BE01A035B7200F9591D /* more_icon.png */; };
		AF124C311A035B7200F9591D /* more_icon@2x.png in Resources */ = {isa = PBXBuildFile; fileRef = AF124BE11A035B7200F9591D /* more_icon@2x.png */; };
		AF124C321A035B7200F9591D /* music_icon.png in Resources */ = {isa = PBXBuildFile; fileRef = AF124BE21A035B7200F9591D /* music_icon.png */; };
		AF124C331A035B7200F9591D /* music_icon@2x.png in Resources */ = {isa = PBXBuildFile; fileRef = AF124BE31A035B7200F9591D /* music_icon@2x.png */; };
		AF124C341A035B7200F9591D /* number_bg.png in Resources */ = {isa = PBXBuildFile; fileRef = AF124BE41A035B7200F9591D /* number_bg.png */; };
		AF124C351A035B7200F9591D /* number_bg@2x.png in Resources */ = {isa = PBXBuildFile; fileRef = AF124BE51A035B7200F9591D /* number_bg@2x.png */; };
		AF124C361A035B7200F9591D /* off_icon.png in Resources */ = {isa = PBXBuildFile; fileRef = AF124BE61A035B7200F9591D /* off_icon.png */; };
		AF124C371A035B7200F9591D /* off_icon@2x.png in Resources */ = {isa = PBXBuildFile; fileRef = AF124BE71A035B7200F9591D /* off_icon@2x.png */; };
		AF124C381A035B7200F9591D /* on_icon.png in Resources */ = {isa = PBXBuildFile; fileRef = AF124BE81A035B7200F9591D /* on_icon.png */; };
		AF124C391A035B7200F9591D /* on_icon@2x.png in Resources */ = {isa = PBXBuildFile; fileRef = AF124BE91A035B7200F9591D /* on_icon@2x.png */; };
		AF124C3A1A035B7200F9591D /* security_icon.png in Resources */ = {isa = PBXBuildFile; fileRef = AF124BEA1A035B7200F9591D /* security_icon.png */; };
		AF124C3B1A035B7200F9591D /* security_icon@2x.png in Resources */ = {isa = PBXBuildFile; fileRef = AF124BEB1A035B7200F9591D /* security_icon@2x.png */; };
		AF124C3C1A035B7200F9591D /* settings_icon.png in Resources */ = {isa = PBXBuildFile; fileRef = AF124BEC1A035B7200F9591D /* settings_icon.png */; };
		AF124C3D1A035B7200F9591D /* settings_icon@2x.png in Resources */ = {isa = PBXBuildFile; fileRef = AF124BED1A035B7200F9591D /* settings_icon@2x.png */; };
		AF124C3E1A035B7200F9591D /* temp_icon.png in Resources */ = {isa = PBXBuildFile; fileRef = AF124BEE1A035B7200F9591D /* temp_icon.png */; };
		AF124C3F1A035B7200F9591D /* temp_icon@2x.png in Resources */ = {isa = PBXBuildFile; fileRef = AF124BEF1A035B7200F9591D /* temp_icon@2x.png */; };
		AF124C401A035B7200F9591D /* thermostat_icon.png in Resources */ = {isa = PBXBuildFile; fileRef = AF124BF01A035B7200F9591D /* thermostat_icon.png */; };
		AF124C411A035B7200F9591D /* thermostat_icon@2x.png in Resources */ = {isa = PBXBuildFile; fileRef = AF124BF11A035B7200F9591D /* thermostat_icon@2x.png */; };
		AF124C421A035B7200F9591D /* top_navi.png in Resources */ = {isa = PBXBuildFile; fileRef = AF124BF21A035B7200F9591D /* top_navi.png */; };
		AF124C431A035B7200F9591D /* top_navi@2x.png in Resources */ = {isa = PBXBuildFile; fileRef = AF124BF31A035B7200F9591D /* top_navi@2x.png */; };
		AF124C441A035B7200F9591D /* total_bg.png in Resources */ = {isa = PBXBuildFile; fileRef = AF124BF41A035B7200F9591D /* total_bg.png */; };
		AF124C451A035B7200F9591D /* total_bg@2x.png in Resources */ = {isa = PBXBuildFile; fileRef = AF124BF51A035B7200F9591D /* total_bg@2x.png */; };
		AF124C461A035B7200F9591D /* veric_line.png in Resources */ = {isa = PBXBuildFile; fileRef = AF124BF61A035B7200F9591D /* veric_line.png */; };
		AF124C471A035B7200F9591D /* veric_line@2x.png in Resources */ = {isa = PBXBuildFile; fileRef = AF124BF71A035B7200F9591D /* veric_line@2x.png */; };
		AF124C481A035B7200F9591D /* video_icon.png in Resources */ = {isa = PBXBuildFile; fileRef = AF124BF81A035B7200F9591D /* video_icon.png */; };
		AF124C491A035B7200F9591D /* video_icon@2x.png in Resources */ = {isa = PBXBuildFile; fileRef = AF124BF91A035B7200F9591D /* video_icon@2x.png */; };
		AF124C4A1A035B7200F9591D /* dots.png in Resources */ = {isa = PBXBuildFile; fileRef = AF124BFB1A035B7200F9591D /* dots.png */; };
		AF124C4B1A035B7200F9591D /* dots@2x.png in Resources */ = {isa = PBXBuildFile; fileRef = AF124BFC1A035B7200F9591D /* dots@2x.png */; };
		AF124C4C1A035B7200F9591D /* key_icon.png in Resources */ = {isa = PBXBuildFile; fileRef = AF124BFD1A035B7200F9591D /* key_icon.png */; };
		AF124C4D1A035B7200F9591D /* key_icon@2x.png in Resources */ = {isa = PBXBuildFile; fileRef = AF124BFE1A035B7200F9591D /* key_icon@2x.png */; };
		AF124C4E1A035B7200F9591D /* lock_icon.png in Resources */ = {isa = PBXBuildFile; fileRef = AF124BFF1A035B7200F9591D /* lock_icon.png */; };
		AF124C4F1A035B7200F9591D /* lock_icon@2x.png in Resources */ = {isa = PBXBuildFile; fileRef = AF124C001A035B7200F9591D /* lock_icon@2x.png */; };
		AF124C501A035B7200F9591D /* login_logo.png in Resources */ = {isa = PBXBuildFile; fileRef = AF124C011A035B7200F9591D /* login_logo.png */; };
		AF124C511A035B7200F9591D /* login_logo@2x.png in Resources */ = {isa = PBXBuildFile; fileRef = AF124C021A035B7200F9591D /* login_logo@2x.png */; };
		AF124C521A035B7200F9591D /* loginbg.png in Resources */ = {isa = PBXBuildFile; fileRef = AF124C031A035B7200F9591D /* loginbg.png */; };
		AF124C531A035B7200F9591D /* loginbg@2x.png in Resources */ = {isa = PBXBuildFile; fileRef = AF124C041A035B7200F9591D /* loginbg@2x.png */; };
		AF124C541A035B7200F9591D /* play_icon.png in Resources */ = {isa = PBXBuildFile; fileRef = AF124C051A035B7200F9591D /* play_icon.png */; };
		AF124C551A035B7200F9591D /* play_icon@2x.png in Resources */ = {isa = PBXBuildFile; fileRef = AF124C061A035B7200F9591D /* play_icon@2x.png */; };
		AF124C561A035B7200F9591D /* textField_line.png in Resources */ = {isa = PBXBuildFile; fileRef = AF124C071A035B7200F9591D /* textField_line.png */; };
		AF124C571A035B7200F9591D /* textField_line@2x.png in Resources */ = {isa = PBXBuildFile; fileRef = AF124C081A035B7200F9591D /* textField_line@2x.png */; };
		AF124C581A035B7200F9591D /* unlock_icon.png in Resources */ = {isa = PBXBuildFile; fileRef = AF124C091A035B7200F9591D /* unlock_icon.png */; };
		AF124C591A035B7200F9591D /* unlock_icon@2x.png in Resources */ = {isa = PBXBuildFile; fileRef = AF124C0A1A035B7200F9591D /* unlock_icon@2x.png */; };
		AF124C5A1A035B7200F9591D /* user_icon.png in Resources */ = {isa = PBXBuildFile; fileRef = AF124C0B1A035B7200F9591D /* user_icon.png */; };
		AF124C5B1A035B7200F9591D /* user_icon@2x.png in Resources */ = {isa = PBXBuildFile; fileRef = AF124C0C1A035B7200F9591D /* user_icon@2x.png */; };
		AF124C5C1A035B7200F9591D /* bg.png in Resources */ = {isa = PBXBuildFile; fileRef = AF124C0E1A035B7200F9591D /* bg.png */; };
		AF124C5D1A035B7200F9591D /* bg@2x.png in Resources */ = {isa = PBXBuildFile; fileRef = AF124C0F1A035B7200F9591D /* bg@2x.png */; };
		AF124C5E1A035B7200F9591D /* loading_line1.png in Resources */ = {isa = PBXBuildFile; fileRef = AF124C101A035B7200F9591D /* loading_line1.png */; };
		AF124C5F1A035B7200F9591D /* loading_line1@2x.png in Resources */ = {isa = PBXBuildFile; fileRef = AF124C111A035B7200F9591D /* loading_line1@2x.png */; };
		AF124C601A035B7200F9591D /* loading_line2.png in Resources */ = {isa = PBXBuildFile; fileRef = AF124C121A035B7200F9591D /* loading_line2.png */; };
		AF124C611A035B7200F9591D /* loading_line2@2x.png in Resources */ = {isa = PBXBuildFile; fileRef = AF124C131A035B7200F9591D /* loading_line2@2x.png */; };
		AF124C621A035B7200F9591D /* logo.png in Resources */ = {isa = PBXBuildFile; fileRef = AF124C141A035B7200F9591D /* logo.png */; };
		AF124C631A035B7200F9591D /* logo@2x.png in Resources */ = {isa = PBXBuildFile; fileRef = AF124C151A035B7200F9591D /* logo@2x.png */; };
		E7012C7319EE2A10001EBCE0 /* Main_iPad.storyboard in Resources */ = {isa = PBXBuildFile; fileRef = E73829DD19EBCEA6000AA7DA /* Main_iPad.storyboard */; };
		E73829D619EBCEA6000AA7DA /* main.m in Sources */ = {isa = PBXBuildFile; fileRef = E73829D519EBCEA6000AA7DA /* main.m */; };
		E73829D919EBCEA6000AA7DA /* AppDelegate.m in Sources */ = {isa = PBXBuildFile; fileRef = E73829D819EBCEA6000AA7DA /* AppDelegate.m */; };
		E73829E119EBCEA6000AA7DA /* Images.xcassets in Resources */ = {isa = PBXBuildFile; fileRef = E73829E019EBCEA6000AA7DA /* Images.xcassets */; };
		E73829F019EBCEA6000AA7DA /* Home_ProjectTests.m in Sources */ = {isa = PBXBuildFile; fileRef = E73829EF19EBCEA6000AA7DA /* Home_ProjectTests.m */; };
		E7382A0319EBE595000AA7DA /* libz.dylib in Frameworks */ = {isa = PBXBuildFile; fileRef = E7382A0219EBE595000AA7DA /* libz.dylib */; };
		E7382A0519EBE5C3000AA7DA /* libicucore.dylib in Frameworks */ = {isa = PBXBuildFile; fileRef = E7382A0419EBE5C3000AA7DA /* libicucore.dylib */; };
		E7AC5F5919F11B6800A8A303 /* LaunchScreen.xib in Resources */ = {isa = PBXBuildFile; fileRef = E7AC5F5719F11B6700A8A303 /* LaunchScreen.xib */; };
		E7B9943019F6914B00061F78 /* Main_iPhone.storyboard in Resources */ = {isa = PBXBuildFile; fileRef = E7B9942F19F6914B00061F78 /* Main_iPhone.storyboard */; };
		EF7025E41A0B8B7C0092848B /* HPDevice.m in Sources */ = {isa = PBXBuildFile; fileRef = EF7025E31A0B8B7C0092848B /* HPDevice.m */; };
/* End PBXBuildFile section */

/* Begin PBXContainerItemProxy section */
		E73829EA19EBCEA6000AA7DA /* PBXContainerItemProxy */ = {
			isa = PBXContainerItemProxy;
			containerPortal = E73829C819EBCEA6000AA7DA /* Project object */;
			proxyType = 1;
			remoteGlobalIDString = E73829CF19EBCEA6000AA7DA;
			remoteInfo = "Home Project";
		};
/* End PBXContainerItemProxy section */

/* Begin PBXFileReference section */
		8145B61D1A08AD4C00240CDF /* DeviceListViewController.h */ = {isa = PBXFileReference; fileEncoding = 4; lastKnownFileType = sourcecode.c.h; path = DeviceListViewController.h; sourceTree = "<group>"; };
		8145B61E1A08AD4C00240CDF /* DeviceListViewController.m */ = {isa = PBXFileReference; fileEncoding = 4; lastKnownFileType = sourcecode.c.objc; path = DeviceListViewController.m; sourceTree = "<group>"; };
		8145B6201A08AE8000240CDF /* NetworkManager.h */ = {isa = PBXFileReference; fileEncoding = 4; lastKnownFileType = sourcecode.c.h; path = NetworkManager.h; sourceTree = "<group>"; };
		8145B6211A08AE8000240CDF /* NetworkManager.m */ = {isa = PBXFileReference; fileEncoding = 4; lastKnownFileType = sourcecode.c.objc; path = NetworkManager.m; sourceTree = "<group>"; };
		8145B6231A08C1AA00240CDF /* LocalAuthentication.framework */ = {isa = PBXFileReference; lastKnownFileType = wrapper.framework; name = LocalAuthentication.framework; path = System/Library/Frameworks/LocalAuthentication.framework; sourceTree = SDKROOT; };
		8145B6281A08FA4700240CDF /* ElementCell_iPhone.xib */ = {isa = PBXFileReference; fileEncoding = 4; lastKnownFileType = file.xib; path = ElementCell_iPhone.xib; sourceTree = "<group>"; };
		8168A5371A0A8533005943EA /* DeviceListingCell.xib */ = {isa = PBXFileReference; fileEncoding = 4; lastKnownFileType = file.xib; path = DeviceListingCell.xib; sourceTree = "<group>"; };
		81B8D11F1A0B49E30021CC84 /* DeviceListingCell.h */ = {isa = PBXFileReference; fileEncoding = 4; lastKnownFileType = sourcecode.c.h; path = DeviceListingCell.h; sourceTree = "<group>"; };
		81B8D1201A0B49E30021CC84 /* DeviceListingCell.m */ = {isa = PBXFileReference; fileEncoding = 4; lastKnownFileType = sourcecode.c.objc; path = DeviceListingCell.m; sourceTree = "<group>"; };
		81B8D1221A0B569A0021CC84 /* back.png */ = {isa = PBXFileReference; lastKnownFileType = image.png; path = back.png; sourceTree = "<group>"; };
		81B8D1261A0B58040021CC84 /* DeviceSettingsController.h */ = {isa = PBXFileReference; fileEncoding = 4; lastKnownFileType = sourcecode.c.h; path = DeviceSettingsController.h; sourceTree = "<group>"; };
		81B8D1271A0B58040021CC84 /* DeviceSettingsController.m */ = {isa = PBXFileReference; fileEncoding = 4; lastKnownFileType = sourcecode.c.objc; path = DeviceSettingsController.m; sourceTree = "<group>"; };
		81B8D12A1A0BB9000021CC84 /* GCDAsyncUdpSocket.h */ = {isa = PBXFileReference; fileEncoding = 4; lastKnownFileType = sourcecode.c.h; path = GCDAsyncUdpSocket.h; sourceTree = "<group>"; };
		81B8D12B1A0BB9000021CC84 /* GCDAsyncUdpSocket.m */ = {isa = PBXFileReference; fileEncoding = 4; lastKnownFileType = sourcecode.c.objc; path = GCDAsyncUdpSocket.m; sourceTree = "<group>"; };
		81B8D12D1A0BB9000021CC84 /* GTMDefines.h */ = {isa = PBXFileReference; fileEncoding = 4; lastKnownFileType = sourcecode.c.h; path = GTMDefines.h; sourceTree = "<group>"; };
		81B8D12E1A0BB9000021CC84 /* GTMMethodCheck.h */ = {isa = PBXFileReference; fileEncoding = 4; lastKnownFileType = sourcecode.c.h; path = GTMMethodCheck.h; sourceTree = "<group>"; };
		81B8D12F1A0BB9000021CC84 /* GTMMethodCheck.m */ = {isa = PBXFileReference; fileEncoding = 4; lastKnownFileType = sourcecode.c.objc; path = GTMMethodCheck.m; sourceTree = "<group>"; };
		81B8D1301A0BB9000021CC84 /* GTMNSDictionary+URLArguments.h */ = {isa = PBXFileReference; fileEncoding = 4; lastKnownFileType = sourcecode.c.h; path = "GTMNSDictionary+URLArguments.h"; sourceTree = "<group>"; };
		81B8D1311A0BB9000021CC84 /* GTMNSDictionary+URLArguments.m */ = {isa = PBXFileReference; fileEncoding = 4; lastKnownFileType = sourcecode.c.objc; path = "GTMNSDictionary+URLArguments.m"; sourceTree = "<group>"; };
		81B8D1321A0BB9000021CC84 /* GTMNSScanner+Unsigned.h */ = {isa = PBXFileReference; fileEncoding = 4; lastKnownFileType = sourcecode.c.h; path = "GTMNSScanner+Unsigned.h"; sourceTree = "<group>"; };
		81B8D1331A0BB9000021CC84 /* GTMNSScanner+Unsigned.m */ = {isa = PBXFileReference; fileEncoding = 4; lastKnownFileType = sourcecode.c.objc; path = "GTMNSScanner+Unsigned.m"; sourceTree = "<group>"; };
		81B8D1341A0BB9000021CC84 /* GTMNSString+URLArguments.h */ = {isa = PBXFileReference; fileEncoding = 4; lastKnownFileType = sourcecode.c.h; path = "GTMNSString+URLArguments.h"; sourceTree = "<group>"; };
		81B8D1351A0BB9000021CC84 /* GTMNSString+URLArguments.m */ = {isa = PBXFileReference; fileEncoding = 4; lastKnownFileType = sourcecode.c.objc; path = "GTMNSString+URLArguments.m"; sourceTree = "<group>"; };
		81B8D1361A0BB9000021CC84 /* GTMObjC2Runtime.h */ = {isa = PBXFileReference; fileEncoding = 4; lastKnownFileType = sourcecode.c.h; path = GTMObjC2Runtime.h; sourceTree = "<group>"; };
		81B8D1371A0BB9000021CC84 /* GTMObjC2Runtime.m */ = {isa = PBXFileReference; fileEncoding = 4; lastKnownFileType = sourcecode.c.objc; path = GTMObjC2Runtime.m; sourceTree = "<group>"; };
		81B8D1381A0BB9000021CC84 /* GTMStringEncoding.h */ = {isa = PBXFileReference; fileEncoding = 4; lastKnownFileType = sourcecode.c.h; path = GTMStringEncoding.h; sourceTree = "<group>"; };
		81B8D1391A0BB9000021CC84 /* GTMStringEncoding.m */ = {isa = PBXFileReference; fileEncoding = 4; lastKnownFileType = sourcecode.c.objc; path = GTMStringEncoding.m; sourceTree = "<group>"; };
		81B8D13B1A0BB9000021CC84 /* HOTPGenerator.h */ = {isa = PBXFileReference; fileEncoding = 4; lastKnownFileType = sourcecode.c.h; path = HOTPGenerator.h; sourceTree = "<group>"; };
		81B8D13C1A0BB9000021CC84 /* HOTPGenerator.m */ = {isa = PBXFileReference; fileEncoding = 4; lastKnownFileType = sourcecode.c.objc; path = HOTPGenerator.m; sourceTree = "<group>"; };
		81B8D13D1A0BB9000021CC84 /* OTPAuthURL.h */ = {isa = PBXFileReference; fileEncoding = 4; lastKnownFileType = sourcecode.c.h; path = OTPAuthURL.h; sourceTree = "<group>"; };
		81B8D13E1A0BB9000021CC84 /* OTPAuthURL.m */ = {isa = PBXFileReference; fileEncoding = 4; lastKnownFileType = sourcecode.c.objc; path = OTPAuthURL.m; sourceTree = "<group>"; };
		81B8D13F1A0BB9000021CC84 /* OTPGenerator.h */ = {isa = PBXFileReference; fileEncoding = 4; lastKnownFileType = sourcecode.c.h; path = OTPGenerator.h; sourceTree = "<group>"; };
		81B8D1401A0BB9000021CC84 /* OTPGenerator.m */ = {isa = PBXFileReference; fileEncoding = 4; lastKnownFileType = sourcecode.c.objc; path = OTPGenerator.m; sourceTree = "<group>"; };
		81B8D1411A0BB9000021CC84 /* TOTPGenerator.h */ = {isa = PBXFileReference; fileEncoding = 4; lastKnownFileType = sourcecode.c.h; path = TOTPGenerator.h; sourceTree = "<group>"; };
		81B8D1421A0BB9000021CC84 /* TOTPGenerator.m */ = {isa = PBXFileReference; fileEncoding = 4; lastKnownFileType = sourcecode.c.objc; path = TOTPGenerator.m; sourceTree = "<group>"; };
		81B8D1441A0BB9000021CC84 /* base64.c */ = {isa = PBXFileReference; fileEncoding = 4; lastKnownFileType = sourcecode.c.c; path = base64.c; sourceTree = "<group>"; };
		81B8D1451A0BB9000021CC84 /* base64.h */ = {isa = PBXFileReference; fileEncoding = 4; lastKnownFileType = sourcecode.c.h; path = base64.h; sourceTree = "<group>"; };
		81B8D1461A0BB9000021CC84 /* LICENCE.txt */ = {isa = PBXFileReference; fileEncoding = 4; lastKnownFileType = text; path = LICENCE.txt; sourceTree = "<group>"; };
		81B8D1471A0BB9000021CC84 /* NSData+SRB64Additions.h */ = {isa = PBXFileReference; fileEncoding = 4; lastKnownFileType = sourcecode.c.h; path = "NSData+SRB64Additions.h"; sourceTree = "<group>"; };
		81B8D1481A0BB9000021CC84 /* NSData+SRB64Additions.m */ = {isa = PBXFileReference; fileEncoding = 4; lastKnownFileType = sourcecode.c.objc; path = "NSData+SRB64Additions.m"; sourceTree = "<group>"; };
		81B8D1491A0BB9000021CC84 /* README.md */ = {isa = PBXFileReference; fileEncoding = 4; lastKnownFileType = net.daringfireball.markdown; path = README.md; sourceTree = "<group>"; };
		81B8D14A1A0BB9000021CC84 /* SRWebSocket.h */ = {isa = PBXFileReference; fileEncoding = 4; lastKnownFileType = sourcecode.c.h; path = SRWebSocket.h; sourceTree = "<group>"; };
		81B8D14B1A0BB9000021CC84 /* SRWebSocket.m */ = {isa = PBXFileReference; fileEncoding = 4; lastKnownFileType = sourcecode.c.objc; path = SRWebSocket.m; sourceTree = "<group>"; };
		81B8D15C1A0BB9600021CC84 /* Client.h */ = {isa = PBXFileReference; fileEncoding = 4; lastKnownFileType = sourcecode.c.h; path = Client.h; sourceTree = "<group>"; };
		81B8D15D1A0BB9600021CC84 /* Client.m */ = {isa = PBXFileReference; fileEncoding = 4; lastKnownFileType = sourcecode.c.objc; path = Client.m; sourceTree = "<group>"; };
		81B8D15E1A0BB9600021CC84 /* Devices.m */ = {isa = PBXFileReference; fileEncoding = 4; lastKnownFileType = sourcecode.c.objc; path = Devices.m; sourceTree = "<group>"; };
		81B8D15F1A0BB9600021CC84 /* Monitor.m */ = {isa = PBXFileReference; fileEncoding = 4; lastKnownFileType = sourcecode.c.objc; path = Monitor.m; sourceTree = "<group>"; };
		81B8D1601A0BB9600021CC84 /* Perform.m */ = {isa = PBXFileReference; fileEncoding = 4; lastKnownFileType = sourcecode.c.objc; path = Perform.m; sourceTree = "<group>"; };
		81B8D1611A0BB9600021CC84 /* Steward.m */ = {isa = PBXFileReference; fileEncoding = 4; lastKnownFileType = sourcecode.c.objc; path = Steward.m; sourceTree = "<group>"; };
		81B8D1621A0BB9600021CC84 /* Util.m */ = {isa = PBXFileReference; fileEncoding = 4; lastKnownFileType = sourcecode.c.objc; path = Util.m; sourceTree = "<group>"; };
		81B8D1691A0BBA9D0021CC84 /* UIKit.framework */ = {isa = PBXFileReference; lastKnownFileType = wrapper.framework; name = UIKit.framework; path = System/Library/Frameworks/UIKit.framework; sourceTree = SDKROOT; };
		81C5B6D21A0367E40027427D /* Utility.h */ = {isa = PBXFileReference; fileEncoding = 4; lastKnownFileType = sourcecode.c.h; path = Utility.h; sourceTree = "<group>"; };
		81C5B6D31A0367E40027427D /* Utility.m */ = {isa = PBXFileReference; fileEncoding = 4; lastKnownFileType = sourcecode.c.objc; path = Utility.m; sourceTree = "<group>"; };
		AF124B001A03567A00F9591D /* DashBoardController.h */ = {isa = PBXFileReference; fileEncoding = 4; lastKnownFileType = sourcecode.c.h; path = DashBoardController.h; sourceTree = "<group>"; };
		AF124B011A03567A00F9591D /* DashBoardController.m */ = {isa = PBXFileReference; fileEncoding = 4; lastKnownFileType = sourcecode.c.objc; path = DashBoardController.m; sourceTree = "<group>"; };
		AF124B061A03567A00F9591D /* LoginViewController.h */ = {isa = PBXFileReference; fileEncoding = 4; lastKnownFileType = sourcecode.c.h; path = LoginViewController.h; sourceTree = "<group>"; };
		AF124B071A03567A00F9591D /* LoginViewController.m */ = {isa = PBXFileReference; fileEncoding = 4; lastKnownFileType = sourcecode.c.objc; path = LoginViewController.m; sourceTree = "<group>"; };
		AF124B0C1A03567A00F9591D /* ProfileViewController.h */ = {isa = PBXFileReference; fileEncoding = 4; lastKnownFileType = sourcecode.c.h; path = ProfileViewController.h; sourceTree = "<group>"; };
		AF124B0D1A03567A00F9591D /* ProfileViewController.m */ = {isa = PBXFileReference; fileEncoding = 4; lastKnownFileType = sourcecode.c.objc; path = ProfileViewController.m; sourceTree = "<group>"; };
		AF124B101A03567A00F9591D /* ProfileViewController.xib */ = {isa = PBXFileReference; fileEncoding = 4; lastKnownFileType = file.xib; path = ProfileViewController.xib; sourceTree = "<group>"; };
		AF124BBA1A0356DE00F9591D /* ElementCell.h */ = {isa = PBXFileReference; fileEncoding = 4; lastKnownFileType = sourcecode.c.h; path = ElementCell.h; sourceTree = "<group>"; };
		AF124BBB1A0356DE00F9591D /* ElementCell.m */ = {isa = PBXFileReference; fileEncoding = 4; lastKnownFileType = sourcecode.c.objc; path = ElementCell.m; sourceTree = "<group>"; };
		AF124BBC1A0356DE00F9591D /* ElementCell.xib */ = {isa = PBXFileReference; fileEncoding = 4; lastKnownFileType = file.xib; path = ElementCell.xib; sourceTree = "<group>"; };
		AF124BBD1A0356DE00F9591D /* TotalElementCell.h */ = {isa = PBXFileReference; fileEncoding = 4; lastKnownFileType = sourcecode.c.h; path = TotalElementCell.h; sourceTree = "<group>"; };
		AF124BBE1A0356DE00F9591D /* TotalElementCell.m */ = {isa = PBXFileReference; fileEncoding = 4; lastKnownFileType = sourcecode.c.objc; path = TotalElementCell.m; sourceTree = "<group>"; };
		AF124BBF1A0356DE00F9591D /* TotalElements.xib */ = {isa = PBXFileReference; fileEncoding = 4; lastKnownFileType = file.xib; path = TotalElements.xib; sourceTree = "<group>"; };
		AF124BC71A035B7200F9591D /* bulb_icon.png */ = {isa = PBXFileReference; lastKnownFileType = image.png; path = bulb_icon.png; sourceTree = "<group>"; };
		AF124BC81A035B7200F9591D /* bulb_icon@2x.png */ = {isa = PBXFileReference; lastKnownFileType = image.png; path = "bulb_icon@2x.png"; sourceTree = "<group>"; };
		AF124BC91A035B7200F9591D /* chromecast_icon.png */ = {isa = PBXFileReference; lastKnownFileType = image.png; path = chromecast_icon.png; sourceTree = "<group>"; };
		AF124BCA1A035B7200F9591D /* door_icon.png */ = {isa = PBXFileReference; lastKnownFileType = image.png; path = door_icon.png; sourceTree = "<group>"; };
		AF124BCB1A035B7200F9591D /* door_icon@2x.png */ = {isa = PBXFileReference; lastKnownFileType = image.png; path = "door_icon@2x.png"; sourceTree = "<group>"; };
		AF124BCC1A035B7200F9591D /* electronics_icon.png */ = {isa = PBXFileReference; lastKnownFileType = image.png; path = electronics_icon.png; sourceTree = "<group>"; };
		AF124BCD1A035B7200F9591D /* electronics_icon@2x.png */ = {isa = PBXFileReference; lastKnownFileType = image.png; path = "electronics_icon@2x.png"; sourceTree = "<group>"; };
		AF124BCE1A035B7200F9591D /* frequen_bg.png */ = {isa = PBXFileReference; lastKnownFileType = image.png; path = frequen_bg.png; sourceTree = "<group>"; };
		AF124BCF1A035B7200F9591D /* frequen_bg@2x.png */ = {isa = PBXFileReference; lastKnownFileType = image.png; path = "frequen_bg@2x.png"; sourceTree = "<group>"; };
		AF124BD01A035B7200F9591D /* heat_icon.png */ = {isa = PBXFileReference; lastKnownFileType = image.png; path = heat_icon.png; sourceTree = "<group>"; };
		AF124BD11A035B7200F9591D /* heat_icon@2x.png */ = {isa = PBXFileReference; lastKnownFileType = image.png; path = "heat_icon@2x.png"; sourceTree = "<group>"; };
		AF124BD21A035B7200F9591D /* home_parts_bg.png */ = {isa = PBXFileReference; lastKnownFileType = image.png; path = home_parts_bg.png; sourceTree = "<group>"; };
		AF124BD31A035B7200F9591D /* home_parts_bg@2x.png */ = {isa = PBXFileReference; lastKnownFileType = image.png; path = "home_parts_bg@2x.png"; sourceTree = "<group>"; };
		AF124BD41A035B7200F9591D /* horiz_line.png */ = {isa = PBXFileReference; lastKnownFileType = image.png; path = horiz_line.png; sourceTree = "<group>"; };
		AF124BD51A035B7200F9591D /* horiz_line@2x.png */ = {isa = PBXFileReference; lastKnownFileType = image.png; path = "horiz_line@2x.png"; sourceTree = "<group>"; };
		AF124BD61A035B7200F9591D /* hue_icon.png */ = {isa = PBXFileReference; lastKnownFileType = image.png; path = hue_icon.png; sourceTree = "<group>"; };
		AF124BD71A035B7200F9591D /* key_icon.png */ = {isa = PBXFileReference; lastKnownFileType = image.png; path = key_icon.png; sourceTree = "<group>"; };
		AF124BD81A035B7200F9591D /* key_icon@2x.png */ = {isa = PBXFileReference; lastKnownFileType = image.png; path = "key_icon@2x.png"; sourceTree = "<group>"; };
		AF124BD91A035B7200F9591D /* lifx_icon.png */ = {isa = PBXFileReference; lastKnownFileType = image.png; path = lifx_icon.png; sourceTree = "<group>"; };
		AF124BDA1A035B7200F9591D /* light_icon.png */ = {isa = PBXFileReference; lastKnownFileType = image.png; path = light_icon.png; sourceTree = "<group>"; };
		AF124BDB1A035B7200F9591D /* light_icon@2x.png */ = {isa = PBXFileReference; lastKnownFileType = image.png; path = "light_icon@2x.png"; sourceTree = "<group>"; };
		AF124BDC1A035B7200F9591D /* menu_icon.png */ = {isa = PBXFileReference; lastKnownFileType = image.png; path = menu_icon.png; sourceTree = "<group>"; };
		AF124BDD1A035B7200F9591D /* menu_icon@2x.png */ = {isa = PBXFileReference; lastKnownFileType = image.png; path = "menu_icon@2x.png"; sourceTree = "<group>"; };
		AF124BDE1A035B7200F9591D /* moisture_icon.png */ = {isa = PBXFileReference; lastKnownFileType = image.png; path = moisture_icon.png; sourceTree = "<group>"; };
		AF124BDF1A035B7200F9591D /* moisture_icon@2x.png */ = {isa = PBXFileReference; lastKnownFileType = image.png; path = "moisture_icon@2x.png"; sourceTree = "<group>"; };
		AF124BE01A035B7200F9591D /* more_icon.png */ = {isa = PBXFileReference; lastKnownFileType = image.png; path = more_icon.png; sourceTree = "<group>"; };
		AF124BE11A035B7200F9591D /* more_icon@2x.png */ = {isa = PBXFileReference; lastKnownFileType = image.png; path = "more_icon@2x.png"; sourceTree = "<group>"; };
		AF124BE21A035B7200F9591D /* music_icon.png */ = {isa = PBXFileReference; lastKnownFileType = image.png; path = music_icon.png; sourceTree = "<group>"; };
		AF124BE31A035B7200F9591D /* music_icon@2x.png */ = {isa = PBXFileReference; lastKnownFileType = image.png; path = "music_icon@2x.png"; sourceTree = "<group>"; };
		AF124BE41A035B7200F9591D /* number_bg.png */ = {isa = PBXFileReference; lastKnownFileType = image.png; path = number_bg.png; sourceTree = "<group>"; };
		AF124BE51A035B7200F9591D /* number_bg@2x.png */ = {isa = PBXFileReference; lastKnownFileType = image.png; path = "number_bg@2x.png"; sourceTree = "<group>"; };
		AF124BE61A035B7200F9591D /* off_icon.png */ = {isa = PBXFileReference; lastKnownFileType = image.png; path = off_icon.png; sourceTree = "<group>"; };
		AF124BE71A035B7200F9591D /* off_icon@2x.png */ = {isa = PBXFileReference; lastKnownFileType = image.png; path = "off_icon@2x.png"; sourceTree = "<group>"; };
		AF124BE81A035B7200F9591D /* on_icon.png */ = {isa = PBXFileReference; lastKnownFileType = image.png; path = on_icon.png; sourceTree = "<group>"; };
		AF124BE91A035B7200F9591D /* on_icon@2x.png */ = {isa = PBXFileReference; lastKnownFileType = image.png; path = "on_icon@2x.png"; sourceTree = "<group>"; };
		AF124BEA1A035B7200F9591D /* security_icon.png */ = {isa = PBXFileReference; lastKnownFileType = image.png; path = security_icon.png; sourceTree = "<group>"; };
		AF124BEB1A035B7200F9591D /* security_icon@2x.png */ = {isa = PBXFileReference; lastKnownFileType = image.png; path = "security_icon@2x.png"; sourceTree = "<group>"; };
		AF124BEC1A035B7200F9591D /* settings_icon.png */ = {isa = PBXFileReference; lastKnownFileType = image.png; path = settings_icon.png; sourceTree = "<group>"; };
		AF124BED1A035B7200F9591D /* settings_icon@2x.png */ = {isa = PBXFileReference; lastKnownFileType = image.png; path = "settings_icon@2x.png"; sourceTree = "<group>"; };
		AF124BEE1A035B7200F9591D /* temp_icon.png */ = {isa = PBXFileReference; lastKnownFileType = image.png; path = temp_icon.png; sourceTree = "<group>"; };
		AF124BEF1A035B7200F9591D /* temp_icon@2x.png */ = {isa = PBXFileReference; lastKnownFileType = image.png; path = "temp_icon@2x.png"; sourceTree = "<group>"; };
		AF124BF01A035B7200F9591D /* thermostat_icon.png */ = {isa = PBXFileReference; lastKnownFileType = image.png; path = thermostat_icon.png; sourceTree = "<group>"; };
		AF124BF11A035B7200F9591D /* thermostat_icon@2x.png */ = {isa = PBXFileReference; lastKnownFileType = image.png; path = "thermostat_icon@2x.png"; sourceTree = "<group>"; };
		AF124BF21A035B7200F9591D /* top_navi.png */ = {isa = PBXFileReference; lastKnownFileType = image.png; path = top_navi.png; sourceTree = "<group>"; };
		AF124BF31A035B7200F9591D /* top_navi@2x.png */ = {isa = PBXFileReference; lastKnownFileType = image.png; path = "top_navi@2x.png"; sourceTree = "<group>"; };
		AF124BF41A035B7200F9591D /* total_bg.png */ = {isa = PBXFileReference; lastKnownFileType = image.png; path = total_bg.png; sourceTree = "<group>"; };
		AF124BF51A035B7200F9591D /* total_bg@2x.png */ = {isa = PBXFileReference; lastKnownFileType = image.png; path = "total_bg@2x.png"; sourceTree = "<group>"; };
		AF124BF61A035B7200F9591D /* veric_line.png */ = {isa = PBXFileReference; lastKnownFileType = image.png; path = veric_line.png; sourceTree = "<group>"; };
		AF124BF71A035B7200F9591D /* veric_line@2x.png */ = {isa = PBXFileReference; lastKnownFileType = image.png; path = "veric_line@2x.png"; sourceTree = "<group>"; };
		AF124BF81A035B7200F9591D /* video_icon.png */ = {isa = PBXFileReference; lastKnownFileType = image.png; path = video_icon.png; sourceTree = "<group>"; };
		AF124BF91A035B7200F9591D /* video_icon@2x.png */ = {isa = PBXFileReference; lastKnownFileType = image.png; path = "video_icon@2x.png"; sourceTree = "<group>"; };
		AF124BFB1A035B7200F9591D /* dots.png */ = {isa = PBXFileReference; lastKnownFileType = image.png; path = dots.png; sourceTree = "<group>"; };
		AF124BFC1A035B7200F9591D /* dots@2x.png */ = {isa = PBXFileReference; lastKnownFileType = image.png; path = "dots@2x.png"; sourceTree = "<group>"; };
		AF124BFD1A035B7200F9591D /* key_icon.png */ = {isa = PBXFileReference; lastKnownFileType = image.png; path = key_icon.png; sourceTree = "<group>"; };
		AF124BFE1A035B7200F9591D /* key_icon@2x.png */ = {isa = PBXFileReference; lastKnownFileType = image.png; path = "key_icon@2x.png"; sourceTree = "<group>"; };
		AF124BFF1A035B7200F9591D /* lock_icon.png */ = {isa = PBXFileReference; lastKnownFileType = image.png; path = lock_icon.png; sourceTree = "<group>"; };
		AF124C001A035B7200F9591D /* lock_icon@2x.png */ = {isa = PBXFileReference; lastKnownFileType = image.png; path = "lock_icon@2x.png"; sourceTree = "<group>"; };
		AF124C011A035B7200F9591D /* login_logo.png */ = {isa = PBXFileReference; lastKnownFileType = image.png; path = login_logo.png; sourceTree = "<group>"; };
		AF124C021A035B7200F9591D /* login_logo@2x.png */ = {isa = PBXFileReference; lastKnownFileType = image.png; path = "login_logo@2x.png"; sourceTree = "<group>"; };
		AF124C031A035B7200F9591D /* loginbg.png */ = {isa = PBXFileReference; lastKnownFileType = image.png; path = loginbg.png; sourceTree = "<group>"; };
		AF124C041A035B7200F9591D /* loginbg@2x.png */ = {isa = PBXFileReference; lastKnownFileType = image.png; path = "loginbg@2x.png"; sourceTree = "<group>"; };
		AF124C051A035B7200F9591D /* play_icon.png */ = {isa = PBXFileReference; lastKnownFileType = image.png; path = play_icon.png; sourceTree = "<group>"; };
		AF124C061A035B7200F9591D /* play_icon@2x.png */ = {isa = PBXFileReference; lastKnownFileType = image.png; path = "play_icon@2x.png"; sourceTree = "<group>"; };
		AF124C071A035B7200F9591D /* textField_line.png */ = {isa = PBXFileReference; lastKnownFileType = image.png; path = textField_line.png; sourceTree = "<group>"; };
		AF124C081A035B7200F9591D /* textField_line@2x.png */ = {isa = PBXFileReference; lastKnownFileType = image.png; path = "textField_line@2x.png"; sourceTree = "<group>"; };
		AF124C091A035B7200F9591D /* unlock_icon.png */ = {isa = PBXFileReference; lastKnownFileType = image.png; path = unlock_icon.png; sourceTree = "<group>"; };
		AF124C0A1A035B7200F9591D /* unlock_icon@2x.png */ = {isa = PBXFileReference; lastKnownFileType = image.png; path = "unlock_icon@2x.png"; sourceTree = "<group>"; };
		AF124C0B1A035B7200F9591D /* user_icon.png */ = {isa = PBXFileReference; lastKnownFileType = image.png; path = user_icon.png; sourceTree = "<group>"; };
		AF124C0C1A035B7200F9591D /* user_icon@2x.png */ = {isa = PBXFileReference; lastKnownFileType = image.png; path = "user_icon@2x.png"; sourceTree = "<group>"; };
		AF124C0E1A035B7200F9591D /* bg.png */ = {isa = PBXFileReference; lastKnownFileType = image.png; path = bg.png; sourceTree = "<group>"; };
		AF124C0F1A035B7200F9591D /* bg@2x.png */ = {isa = PBXFileReference; lastKnownFileType = image.png; path = "bg@2x.png"; sourceTree = "<group>"; };
		AF124C101A035B7200F9591D /* loading_line1.png */ = {isa = PBXFileReference; lastKnownFileType = image.png; path = loading_line1.png; sourceTree = "<group>"; };
		AF124C111A035B7200F9591D /* loading_line1@2x.png */ = {isa = PBXFileReference; lastKnownFileType = image.png; path = "loading_line1@2x.png"; sourceTree = "<group>"; };
		AF124C121A035B7200F9591D /* loading_line2.png */ = {isa = PBXFileReference; lastKnownFileType = image.png; path = loading_line2.png; sourceTree = "<group>"; };
		AF124C131A035B7200F9591D /* loading_line2@2x.png */ = {isa = PBXFileReference; lastKnownFileType = image.png; path = "loading_line2@2x.png"; sourceTree = "<group>"; };
		AF124C141A035B7200F9591D /* logo.png */ = {isa = PBXFileReference; lastKnownFileType = image.png; path = logo.png; sourceTree = "<group>"; };
		AF124C151A035B7200F9591D /* logo@2x.png */ = {isa = PBXFileReference; lastKnownFileType = image.png; path = "logo@2x.png"; sourceTree = "<group>"; };
		E73829D019EBCEA6000AA7DA /* Home Project.app */ = {isa = PBXFileReference; explicitFileType = wrapper.application; includeInIndex = 0; path = "Home Project.app"; sourceTree = BUILT_PRODUCTS_DIR; };
		E73829D419EBCEA6000AA7DA /* Info.plist */ = {isa = PBXFileReference; lastKnownFileType = text.plist.xml; path = Info.plist; sourceTree = "<group>"; };
		E73829D519EBCEA6000AA7DA /* main.m */ = {isa = PBXFileReference; lastKnownFileType = sourcecode.c.objc; path = main.m; sourceTree = "<group>"; };
		E73829D719EBCEA6000AA7DA /* AppDelegate.h */ = {isa = PBXFileReference; lastKnownFileType = sourcecode.c.h; path = AppDelegate.h; sourceTree = "<group>"; };
		E73829D819EBCEA6000AA7DA /* AppDelegate.m */ = {isa = PBXFileReference; lastKnownFileType = sourcecode.c.objc; path = AppDelegate.m; sourceTree = "<group>"; };
		E73829DE19EBCEA6000AA7DA /* Base */ = {isa = PBXFileReference; lastKnownFileType = file.storyboard; name = Base; path = Base.lproj/Main_iPad.storyboard; sourceTree = "<group>"; };
		E73829E019EBCEA6000AA7DA /* Images.xcassets */ = {isa = PBXFileReference; lastKnownFileType = folder.assetcatalog; path = Images.xcassets; sourceTree = "<group>"; };
		E73829E919EBCEA6000AA7DA /* Home ProjectTests.xctest */ = {isa = PBXFileReference; explicitFileType = wrapper.cfbundle; includeInIndex = 0; path = "Home ProjectTests.xctest"; sourceTree = BUILT_PRODUCTS_DIR; };
		E73829EE19EBCEA6000AA7DA /* Info.plist */ = {isa = PBXFileReference; lastKnownFileType = text.plist.xml; path = Info.plist; sourceTree = "<group>"; };
		E73829EF19EBCEA6000AA7DA /* Home_ProjectTests.m */ = {isa = PBXFileReference; lastKnownFileType = sourcecode.c.objc; path = Home_ProjectTests.m; sourceTree = "<group>"; };
		E7382A0219EBE595000AA7DA /* libz.dylib */ = {isa = PBXFileReference; lastKnownFileType = "compiled.mach-o.dylib"; name = libz.dylib; path = usr/lib/libz.dylib; sourceTree = SDKROOT; };
		E7382A0419EBE5C3000AA7DA /* libicucore.dylib */ = {isa = PBXFileReference; lastKnownFileType = "compiled.mach-o.dylib"; name = libicucore.dylib; path = usr/lib/libicucore.dylib; sourceTree = SDKROOT; };
		E7AC5F5819F11B6700A8A303 /* Base */ = {isa = PBXFileReference; lastKnownFileType = file.xib; name = Base; path = "Home Project/Base.lproj/LaunchScreen.xib"; sourceTree = "<group>"; };
		E7B9942F19F6914B00061F78 /* Main_iPhone.storyboard */ = {isa = PBXFileReference; fileEncoding = 4; lastKnownFileType = file.storyboard; name = Main_iPhone.storyboard; path = ../Main_iPhone.storyboard; sourceTree = "<group>"; };
		EF7025E21A0B8B7C0092848B /* HPDevice.h */ = {isa = PBXFileReference; fileEncoding = 4; lastKnownFileType = sourcecode.c.h; path = HPDevice.h; sourceTree = "<group>"; };
		EF7025E31A0B8B7C0092848B /* HPDevice.m */ = {isa = PBXFileReference; fileEncoding = 4; lastKnownFileType = sourcecode.c.objc; path = HPDevice.m; sourceTree = "<group>"; };
/* End PBXFileReference section */

/* Begin PBXFrameworksBuildPhase section */
		E73829CD19EBCEA6000AA7DA /* Frameworks */ = {
			isa = PBXFrameworksBuildPhase;
			buildActionMask = 2147483647;
			files = (
				81B8D16A1A0BBA9D0021CC84 /* UIKit.framework in Frameworks */,
				8168A52D1A09FD09005943EA /* LocalAuthentication.framework in Frameworks */,
				E7382A0519EBE5C3000AA7DA /* libicucore.dylib in Frameworks */,
				E7382A0319EBE595000AA7DA /* libz.dylib in Frameworks */,
			);
			runOnlyForDeploymentPostprocessing = 0;
		};
		E73829E619EBCEA6000AA7DA /* Frameworks */ = {
			isa = PBXFrameworksBuildPhase;
			buildActionMask = 2147483647;
			files = (
			);
			runOnlyForDeploymentPostprocessing = 0;
		};
/* End PBXFrameworksBuildPhase section */

/* Begin PBXGroup section */
		8145B61B1A08AD2000240CDF /* Network */ = {
			isa = PBXGroup;
			children = (
				8145B6201A08AE8000240CDF /* NetworkManager.h */,
				8145B6211A08AE8000240CDF /* NetworkManager.m */,
			);
			path = Network;
			sourceTree = "<group>";
		};
		8145B61C1A08AD4C00240CDF /* Devices */ = {
			isa = PBXGroup;
			children = (
				8168A5331A0A846D005943EA /* Controller */,
				8168A5321A0A8460005943EA /* Modal */,
				8168A5311A0A844B005943EA /* View */,
			);
			path = Devices;
			sourceTree = "<group>";
		};
		8168A5311A0A844B005943EA /* View */ = {
			isa = PBXGroup;
			children = (
				8168A5371A0A8533005943EA /* DeviceListingCell.xib */,
				81B8D11F1A0B49E30021CC84 /* DeviceListingCell.h */,
				81B8D1201A0B49E30021CC84 /* DeviceListingCell.m */,
			);
			name = View;
			sourceTree = "<group>";
		};
		8168A5321A0A8460005943EA /* Modal */ = {
			isa = PBXGroup;
			children = (
				EF7025E21A0B8B7C0092848B /* HPDevice.h */,
				EF7025E31A0B8B7C0092848B /* HPDevice.m */,
			);
			name = Modal;
			sourceTree = "<group>";
		};
		8168A5331A0A846D005943EA /* Controller */ = {
			isa = PBXGroup;
			children = (
				8145B61D1A08AD4C00240CDF /* DeviceListViewController.h */,
				8145B61E1A08AD4C00240CDF /* DeviceListViewController.m */,
			);
			name = Controller;
			sourceTree = "<group>";
		};
		81B8D1251A0B57DE0021CC84 /* DeviceSettings */ = {
			isa = PBXGroup;
			children = (
				81B8D1261A0B58040021CC84 /* DeviceSettingsController.h */,
				81B8D1271A0B58040021CC84 /* DeviceSettingsController.m */,
			);
			path = DeviceSettings;
			sourceTree = "<group>";
		};
		81B8D1291A0BB9000021CC84 /* External */ = {
			isa = PBXGroup;
			children = (
				81B8D12A1A0BB9000021CC84 /* GCDAsyncUdpSocket.h */,
				81B8D12B1A0BB9000021CC84 /* GCDAsyncUdpSocket.m */,
				81B8D12C1A0BB9000021CC84 /* Google Toolbox for Mac */,
				81B8D13A1A0BB9000021CC84 /* OTPAuth */,
				81B8D1431A0BB9000021CC84 /* SocketRocket */,
			);
			path = External;
			sourceTree = "<group>";
		};
		81B8D12C1A0BB9000021CC84 /* Google Toolbox for Mac */ = {
			isa = PBXGroup;
			children = (
				81B8D12D1A0BB9000021CC84 /* GTMDefines.h */,
				81B8D12E1A0BB9000021CC84 /* GTMMethodCheck.h */,
				81B8D12F1A0BB9000021CC84 /* GTMMethodCheck.m */,
				81B8D1301A0BB9000021CC84 /* GTMNSDictionary+URLArguments.h */,
				81B8D1311A0BB9000021CC84 /* GTMNSDictionary+URLArguments.m */,
				81B8D1321A0BB9000021CC84 /* GTMNSScanner+Unsigned.h */,
				81B8D1331A0BB9000021CC84 /* GTMNSScanner+Unsigned.m */,
				81B8D1341A0BB9000021CC84 /* GTMNSString+URLArguments.h */,
				81B8D1351A0BB9000021CC84 /* GTMNSString+URLArguments.m */,
				81B8D1361A0BB9000021CC84 /* GTMObjC2Runtime.h */,
				81B8D1371A0BB9000021CC84 /* GTMObjC2Runtime.m */,
				81B8D1381A0BB9000021CC84 /* GTMStringEncoding.h */,
				81B8D1391A0BB9000021CC84 /* GTMStringEncoding.m */,
			);
			path = "Google Toolbox for Mac";
			sourceTree = "<group>";
		};
		81B8D13A1A0BB9000021CC84 /* OTPAuth */ = {
			isa = PBXGroup;
			children = (
				81B8D13B1A0BB9000021CC84 /* HOTPGenerator.h */,
				81B8D13C1A0BB9000021CC84 /* HOTPGenerator.m */,
				81B8D13D1A0BB9000021CC84 /* OTPAuthURL.h */,
				81B8D13E1A0BB9000021CC84 /* OTPAuthURL.m */,
				81B8D13F1A0BB9000021CC84 /* OTPGenerator.h */,
				81B8D1401A0BB9000021CC84 /* OTPGenerator.m */,
				81B8D1411A0BB9000021CC84 /* TOTPGenerator.h */,
				81B8D1421A0BB9000021CC84 /* TOTPGenerator.m */,
			);
			path = OTPAuth;
			sourceTree = "<group>";
		};
		81B8D1431A0BB9000021CC84 /* SocketRocket */ = {
			isa = PBXGroup;
			children = (
				81B8D1441A0BB9000021CC84 /* base64.c */,
				81B8D1451A0BB9000021CC84 /* base64.h */,
				81B8D1461A0BB9000021CC84 /* LICENCE.txt */,
				81B8D1471A0BB9000021CC84 /* NSData+SRB64Additions.h */,
				81B8D1481A0BB9000021CC84 /* NSData+SRB64Additions.m */,
				81B8D1491A0BB9000021CC84 /* README.md */,
				81B8D14A1A0BB9000021CC84 /* SRWebSocket.h */,
				81B8D14B1A0BB9000021CC84 /* SRWebSocket.m */,
			);
			path = SocketRocket;
			sourceTree = "<group>";
		};
		81C5B6D11A0367C90027427D /* Utility */ = {
			isa = PBXGroup;
			children = (
				81C5B6D21A0367E40027427D /* Utility.h */,
				81C5B6D31A0367E40027427D /* Utility.m */,
			);
			path = Utility;
			sourceTree = "<group>";
		};
		AF124AFB1A03562100F9591D /* Frameworks */ = {
			isa = PBXGroup;
			children = (
				81B8D1691A0BBA9D0021CC84 /* UIKit.framework */,
				8145B6231A08C1AA00240CDF /* LocalAuthentication.framework */,
				E7382A0419EBE5C3000AA7DA /* libicucore.dylib */,
				E7382A0219EBE595000AA7DA /* libz.dylib */,
			);
			name = Frameworks;
			path = "Home Project";
			sourceTree = "<group>";
		};
		AF124AFC1A03567A00F9591D /* Dashboard */ = {
			isa = PBXGroup;
			children = (
				AF124AFD1A03567A00F9591D /* Controller */,
				AF124B021A03567A00F9591D /* Modal */,
				AF124B031A03567A00F9591D /* View */,
			);
			path = Dashboard;
			sourceTree = "<group>";
		};
		AF124AFD1A03567A00F9591D /* Controller */ = {
			isa = PBXGroup;
			children = (
				AF124B001A03567A00F9591D /* DashBoardController.h */,
				AF124B011A03567A00F9591D /* DashBoardController.m */,
			);
			path = Controller;
			sourceTree = "<group>";
		};
		AF124B021A03567A00F9591D /* Modal */ = {
			isa = PBXGroup;
			children = (
			);
			path = Modal;
			sourceTree = "<group>";
		};
		AF124B031A03567A00F9591D /* View */ = {
			isa = PBXGroup;
			children = (
				AF124BBA1A0356DE00F9591D /* ElementCell.h */,
				AF124BBB1A0356DE00F9591D /* ElementCell.m */,
				AF124BBC1A0356DE00F9591D /* ElementCell.xib */,
				8145B6281A08FA4700240CDF /* ElementCell_iPhone.xib */,
				AF124BBD1A0356DE00F9591D /* TotalElementCell.h */,
				AF124BBE1A0356DE00F9591D /* TotalElementCell.m */,
				AF124BBF1A0356DE00F9591D /* TotalElements.xib */,
			);
			path = View;
			sourceTree = "<group>";
		};
		AF124B041A03567A00F9591D /* Login */ = {
			isa = PBXGroup;
			children = (
				AF124B051A03567A00F9591D /* Controller */,
				AF124B081A03567A00F9591D /* Modal */,
				AF124B091A03567A00F9591D /* View */,
			);
			path = Login;
			sourceTree = "<group>";
		};
		AF124B051A03567A00F9591D /* Controller */ = {
			isa = PBXGroup;
			children = (
				AF124B061A03567A00F9591D /* LoginViewController.h */,
				AF124B071A03567A00F9591D /* LoginViewController.m */,
			);
			path = Controller;
			sourceTree = "<group>";
		};
		AF124B081A03567A00F9591D /* Modal */ = {
			isa = PBXGroup;
			children = (
			);
			path = Modal;
			sourceTree = "<group>";
		};
		AF124B091A03567A00F9591D /* View */ = {
			isa = PBXGroup;
			children = (
			);
			path = View;
			sourceTree = "<group>";
		};
		AF124B0A1A03567A00F9591D /* UserProfile */ = {
			isa = PBXGroup;
			children = (
				AF124B0B1A03567A00F9591D /* Controller */,
				AF124B0E1A03567A00F9591D /* Modal */,
				AF124B0F1A03567A00F9591D /* View */,
			);
			path = UserProfile;
			sourceTree = "<group>";
		};
		AF124B0B1A03567A00F9591D /* Controller */ = {
			isa = PBXGroup;
			children = (
				AF124B0C1A03567A00F9591D /* ProfileViewController.h */,
				AF124B0D1A03567A00F9591D /* ProfileViewController.m */,
			);
			path = Controller;
			sourceTree = "<group>";
		};
		AF124B0E1A03567A00F9591D /* Modal */ = {
			isa = PBXGroup;
			children = (
			);
			path = Modal;
			sourceTree = "<group>";
		};
		AF124B0F1A03567A00F9591D /* View */ = {
			isa = PBXGroup;
			children = (
				AF124B101A03567A00F9591D /* ProfileViewController.xib */,
			);
			path = View;
			sourceTree = "<group>";
		};
		AF124B161A03568500F9591D /* Resources */ = {
			isa = PBXGroup;
			children = (
				AF124BC41A035B7200F9591D /* iPad */,
				AF124C161A035B7200F9591D /* iPhone */,
			);
			path = Resources;
			sourceTree = "<group>";
		};
		AF124BC41A035B7200F9591D /* iPad */ = {
			isa = PBXGroup;
			children = (
				AF124BC51A035B7200F9591D /* 2x */,
			);
			path = iPad;
			sourceTree = "<group>";
		};
		AF124BC51A035B7200F9591D /* 2x */ = {
			isa = PBXGroup;
			children = (
				AF124BC61A035B7200F9591D /* dashboard */,
				AF124BFA1A035B7200F9591D /* login */,
				AF124C0D1A035B7200F9591D /* splash */,
			);
			path = 2x;
			sourceTree = "<group>";
		};
		AF124BC61A035B7200F9591D /* dashboard */ = {
			isa = PBXGroup;
			children = (
				AF124BC71A035B7200F9591D /* bulb_icon.png */,
				AF124BC81A035B7200F9591D /* bulb_icon@2x.png */,
				AF124BC91A035B7200F9591D /* chromecast_icon.png */,
				AF124BCA1A035B7200F9591D /* door_icon.png */,
				AF124BCB1A035B7200F9591D /* door_icon@2x.png */,
				AF124BCC1A035B7200F9591D /* electronics_icon.png */,
				AF124BCD1A035B7200F9591D /* electronics_icon@2x.png */,
				AF124BCE1A035B7200F9591D /* frequen_bg.png */,
				AF124BCF1A035B7200F9591D /* frequen_bg@2x.png */,
				AF124BD01A035B7200F9591D /* heat_icon.png */,
				AF124BD11A035B7200F9591D /* heat_icon@2x.png */,
				AF124BD21A035B7200F9591D /* home_parts_bg.png */,
				AF124BD31A035B7200F9591D /* home_parts_bg@2x.png */,
				AF124BD41A035B7200F9591D /* horiz_line.png */,
				AF124BD51A035B7200F9591D /* horiz_line@2x.png */,
				AF124BD61A035B7200F9591D /* hue_icon.png */,
				AF124BD71A035B7200F9591D /* key_icon.png */,
				AF124BD81A035B7200F9591D /* key_icon@2x.png */,
				AF124BD91A035B7200F9591D /* lifx_icon.png */,
				AF124BDA1A035B7200F9591D /* light_icon.png */,
				AF124BDB1A035B7200F9591D /* light_icon@2x.png */,
				AF124BDC1A035B7200F9591D /* menu_icon.png */,
				AF124BDD1A035B7200F9591D /* menu_icon@2x.png */,
				AF124BDE1A035B7200F9591D /* moisture_icon.png */,
				AF124BDF1A035B7200F9591D /* moisture_icon@2x.png */,
				AF124BE01A035B7200F9591D /* more_icon.png */,
				AF124BE11A035B7200F9591D /* more_icon@2x.png */,
				AF124BE21A035B7200F9591D /* music_icon.png */,
				AF124BE31A035B7200F9591D /* music_icon@2x.png */,
				AF124BE41A035B7200F9591D /* number_bg.png */,
				AF124BE51A035B7200F9591D /* number_bg@2x.png */,
				AF124BE61A035B7200F9591D /* off_icon.png */,
				AF124BE71A035B7200F9591D /* off_icon@2x.png */,
				AF124BE81A035B7200F9591D /* on_icon.png */,
				AF124BE91A035B7200F9591D /* on_icon@2x.png */,
				AF124BEA1A035B7200F9591D /* security_icon.png */,
				AF124BEB1A035B7200F9591D /* security_icon@2x.png */,
				AF124BEC1A035B7200F9591D /* settings_icon.png */,
				AF124BED1A035B7200F9591D /* settings_icon@2x.png */,
				AF124BEE1A035B7200F9591D /* temp_icon.png */,
				AF124BEF1A035B7200F9591D /* temp_icon@2x.png */,
				AF124BF01A035B7200F9591D /* thermostat_icon.png */,
				AF124BF11A035B7200F9591D /* thermostat_icon@2x.png */,
				AF124BF21A035B7200F9591D /* top_navi.png */,
				AF124BF31A035B7200F9591D /* top_navi@2x.png */,
				AF124BF41A035B7200F9591D /* total_bg.png */,
				AF124BF51A035B7200F9591D /* total_bg@2x.png */,
				AF124BF61A035B7200F9591D /* veric_line.png */,
				AF124BF71A035B7200F9591D /* veric_line@2x.png */,
				AF124BF81A035B7200F9591D /* video_icon.png */,
				AF124BF91A035B7200F9591D /* video_icon@2x.png */,
				81B8D1221A0B569A0021CC84 /* back.png */,
			);
			path = dashboard;
			sourceTree = "<group>";
		};
		AF124BFA1A035B7200F9591D /* login */ = {
			isa = PBXGroup;
			children = (
				AF124BFB1A035B7200F9591D /* dots.png */,
				AF124BFC1A035B7200F9591D /* dots@2x.png */,
				AF124BFD1A035B7200F9591D /* key_icon.png */,
				AF124BFE1A035B7200F9591D /* key_icon@2x.png */,
				AF124BFF1A035B7200F9591D /* lock_icon.png */,
				AF124C001A035B7200F9591D /* lock_icon@2x.png */,
				AF124C011A035B7200F9591D /* login_logo.png */,
				AF124C021A035B7200F9591D /* login_logo@2x.png */,
				AF124C031A035B7200F9591D /* loginbg.png */,
				AF124C041A035B7200F9591D /* loginbg@2x.png */,
				AF124C051A035B7200F9591D /* play_icon.png */,
				AF124C061A035B7200F9591D /* play_icon@2x.png */,
				AF124C071A035B7200F9591D /* textField_line.png */,
				AF124C081A035B7200F9591D /* textField_line@2x.png */,
				AF124C091A035B7200F9591D /* unlock_icon.png */,
				AF124C0A1A035B7200F9591D /* unlock_icon@2x.png */,
				AF124C0B1A035B7200F9591D /* user_icon.png */,
				AF124C0C1A035B7200F9591D /* user_icon@2x.png */,
			);
			path = login;
			sourceTree = "<group>";
		};
		AF124C0D1A035B7200F9591D /* splash */ = {
			isa = PBXGroup;
			children = (
				AF124C0E1A035B7200F9591D /* bg.png */,
				AF124C0F1A035B7200F9591D /* bg@2x.png */,
				AF124C101A035B7200F9591D /* loading_line1.png */,
				AF124C111A035B7200F9591D /* loading_line1@2x.png */,
				AF124C121A035B7200F9591D /* loading_line2.png */,
				AF124C131A035B7200F9591D /* loading_line2@2x.png */,
				AF124C141A035B7200F9591D /* logo.png */,
				AF124C151A035B7200F9591D /* logo@2x.png */,
			);
			path = splash;
			sourceTree = "<group>";
		};
		AF124C161A035B7200F9591D /* iPhone */ = {
			isa = PBXGroup;
			children = (
			);
			path = iPhone;
			sourceTree = "<group>";
		};
		E7012D1719EE8CBC001EBCE0 /* Others */ = {
			isa = PBXGroup;
			children = (
				81B8D15C1A0BB9600021CC84 /* Client.h */,
				81B8D15D1A0BB9600021CC84 /* Client.m */,
				81B8D15E1A0BB9600021CC84 /* Devices.m */,
				81B8D15F1A0BB9600021CC84 /* Monitor.m */,
				81B8D1601A0BB9600021CC84 /* Perform.m */,
				81B8D1611A0BB9600021CC84 /* Steward.m */,
				81B8D1621A0BB9600021CC84 /* Util.m */,
				81B8D1291A0BB9000021CC84 /* External */,
			);
			name = Others;
			sourceTree = "<group>";
		};
		E73829C719EBCEA6000AA7DA = {
			isa = PBXGroup;
			children = (
				E73829D219EBCEA6000AA7DA /* Home Project */,
				E7012D1719EE8CBC001EBCE0 /* Others */,
				E73829EC19EBCEA6000AA7DA /* Home ProjectTests */,
				AF124AFB1A03562100F9591D /* Frameworks */,
				E73829D119EBCEA6000AA7DA /* Products */,
			);
			sourceTree = "<group>";
		};
		E73829D119EBCEA6000AA7DA /* Products */ = {
			isa = PBXGroup;
			children = (
				E73829D019EBCEA6000AA7DA /* Home Project.app */,
				E73829E919EBCEA6000AA7DA /* Home ProjectTests.xctest */,
			);
			name = Products;
			sourceTree = "<group>";
		};
		E73829D219EBCEA6000AA7DA /* Home Project */ = {
			isa = PBXGroup;
			children = (
				81B8D1251A0B57DE0021CC84 /* DeviceSettings */,
				8145B61C1A08AD4C00240CDF /* Devices */,
				8145B61B1A08AD2000240CDF /* Network */,
				81C5B6D11A0367C90027427D /* Utility */,
				AF124AFC1A03567A00F9591D /* Dashboard */,
				AF124B041A03567A00F9591D /* Login */,
				AF124B0A1A03567A00F9591D /* UserProfile */,
				AF124B161A03568500F9591D /* Resources */,
				E73829D719EBCEA6000AA7DA /* AppDelegate.h */,
				E73829D819EBCEA6000AA7DA /* AppDelegate.m */,
				E7B9942F19F6914B00061F78 /* Main_iPhone.storyboard */,
				E73829DD19EBCEA6000AA7DA /* Main_iPad.storyboard */,
				E7AC5F5719F11B6700A8A303 /* LaunchScreen.xib */,
				E73829E019EBCEA6000AA7DA /* Images.xcassets */,
				E73829D319EBCEA6000AA7DA /* Supporting Files */,
			);
			path = "Home Project";
			sourceTree = "<group>";
		};
		E73829D319EBCEA6000AA7DA /* Supporting Files */ = {
			isa = PBXGroup;
			children = (
				E73829D419EBCEA6000AA7DA /* Info.plist */,
				E73829D519EBCEA6000AA7DA /* main.m */,
			);
			name = "Supporting Files";
			sourceTree = "<group>";
		};
		E73829EC19EBCEA6000AA7DA /* Home ProjectTests */ = {
			isa = PBXGroup;
			children = (
				E73829EF19EBCEA6000AA7DA /* Home_ProjectTests.m */,
				E73829ED19EBCEA6000AA7DA /* Supporting Files */,
			);
			path = "Home ProjectTests";
			sourceTree = "<group>";
		};
		E73829ED19EBCEA6000AA7DA /* Supporting Files */ = {
			isa = PBXGroup;
			children = (
				E73829EE19EBCEA6000AA7DA /* Info.plist */,
			);
			name = "Supporting Files";
			sourceTree = "<group>";
		};
/* End PBXGroup section */

/* Begin PBXNativeTarget section */
		E73829CF19EBCEA6000AA7DA /* Home Project */ = {
			isa = PBXNativeTarget;
			buildConfigurationList = E73829F319EBCEA6000AA7DA /* Build configuration list for PBXNativeTarget "Home Project" */;
			buildPhases = (
				E73829CC19EBCEA6000AA7DA /* Sources */,
				E73829CD19EBCEA6000AA7DA /* Frameworks */,
				E73829CE19EBCEA6000AA7DA /* Resources */,
			);
			buildRules = (
			);
			dependencies = (
			);
			name = "Home Project";
			productName = "Home Project";
			productReference = E73829D019EBCEA6000AA7DA /* Home Project.app */;
			productType = "com.apple.product-type.application";
		};
		E73829E819EBCEA6000AA7DA /* Home ProjectTests */ = {
			isa = PBXNativeTarget;
			buildConfigurationList = E73829F619EBCEA6000AA7DA /* Build configuration list for PBXNativeTarget "Home ProjectTests" */;
			buildPhases = (
				E73829E519EBCEA6000AA7DA /* Sources */,
				E73829E619EBCEA6000AA7DA /* Frameworks */,
				E73829E719EBCEA6000AA7DA /* Resources */,
			);
			buildRules = (
			);
			dependencies = (
				E73829EB19EBCEA6000AA7DA /* PBXTargetDependency */,
			);
			name = "Home ProjectTests";
			productName = "Home ProjectTests";
			productReference = E73829E919EBCEA6000AA7DA /* Home ProjectTests.xctest */;
			productType = "com.apple.product-type.bundle.unit-test";
		};
/* End PBXNativeTarget section */

/* Begin PBXProject section */
		E73829C819EBCEA6000AA7DA /* Project object */ = {
			isa = PBXProject;
			attributes = {
				LastUpgradeCheck = 0600;
				ORGANIZATIONNAME = "Shalini Priya A";
				TargetAttributes = {
					E73829CF19EBCEA6000AA7DA = {
						CreatedOnToolsVersion = 6.0.1;
						DevelopmentTeam = 93ZK4B4MRX;
					};
					E73829E819EBCEA6000AA7DA = {
						CreatedOnToolsVersion = 6.0.1;
						TestTargetID = E73829CF19EBCEA6000AA7DA;
					};
				};
			};
			buildConfigurationList = E73829CB19EBCEA6000AA7DA /* Build configuration list for PBXProject "Home Project" */;
			compatibilityVersion = "Xcode 3.2";
			developmentRegion = English;
			hasScannedForEncodings = 0;
			knownRegions = (
				en,
				Base,
			);
			mainGroup = E73829C719EBCEA6000AA7DA;
			productRefGroup = E73829D119EBCEA6000AA7DA /* Products */;
			projectDirPath = "";
			projectRoot = "";
			targets = (
				E73829CF19EBCEA6000AA7DA /* Home Project */,
				E73829E819EBCEA6000AA7DA /* Home ProjectTests */,
			);
		};
/* End PBXProject section */

/* Begin PBXResourcesBuildPhase section */
		E73829CE19EBCEA6000AA7DA /* Resources */ = {
			isa = PBXResourcesBuildPhase;
			buildActionMask = 2147483647;
			files = (
				AF124C181A035B7200F9591D /* bulb_icon@2x.png in Resources */,
				AF124C2A1A035B7200F9591D /* light_icon.png in Resources */,
				AF124C391A035B7200F9591D /* on_icon@2x.png in Resources */,
				AF124C281A035B7200F9591D /* key_icon@2x.png in Resources */,
				AF124C381A035B7200F9591D /* on_icon.png in Resources */,
				AF124C511A035B7200F9591D /* login_logo@2x.png in Resources */,
				AF124C601A035B7200F9591D /* loading_line2.png in Resources */,
				AF124C331A035B7200F9591D /* music_icon@2x.png in Resources */,
				81B8D1231A0B569A0021CC84 /* back.png in Resources */,
				AF124BC31A0356DE00F9591D /* TotalElements.xib in Resources */,
				AF124C491A035B7200F9591D /* video_icon@2x.png in Resources */,
				AF124C5A1A035B7200F9591D /* user_icon.png in Resources */,
				AF124C481A035B7200F9591D /* video_icon.png in Resources */,
				AF124C2C1A035B7200F9591D /* menu_icon.png in Resources */,
				AF124C4C1A035B7200F9591D /* key_icon.png in Resources */,
				AF124C501A035B7200F9591D /* login_logo.png in Resources */,
				AF124C4B1A035B7200F9591D /* dots@2x.png in Resources */,
				AF124C451A035B7200F9591D /* total_bg@2x.png in Resources */,
				AF124C441A035B7200F9591D /* total_bg.png in Resources */,
				AF124C3E1A035B7200F9591D /* temp_icon.png in Resources */,
				AF124C1C1A035B7200F9591D /* electronics_icon.png in Resources */,
				AF124C341A035B7200F9591D /* number_bg.png in Resources */,
				AF124C301A035B7200F9591D /* more_icon.png in Resources */,
				AF124C3A1A035B7200F9591D /* security_icon.png in Resources */,
				AF124C1D1A035B7200F9591D /* electronics_icon@2x.png in Resources */,
				AF124C611A035B7200F9591D /* loading_line2@2x.png in Resources */,
				AF124C631A035B7200F9591D /* logo@2x.png in Resources */,
				AF124C2B1A035B7200F9591D /* light_icon@2x.png in Resources */,
				AF124C2D1A035B7200F9591D /* menu_icon@2x.png in Resources */,
				E7AC5F5919F11B6800A8A303 /* LaunchScreen.xib in Resources */,
				AF124C1A1A035B7200F9591D /* door_icon.png in Resources */,
				AF124C261A035B7200F9591D /* hue_icon.png in Resources */,
				AF124C461A035B7200F9591D /* veric_line.png in Resources */,
				AF124C371A035B7200F9591D /* off_icon@2x.png in Resources */,
				AF124B151A03567A00F9591D /* ProfileViewController.xib in Resources */,
				AF124C361A035B7200F9591D /* off_icon.png in Resources */,
				AF124C321A035B7200F9591D /* music_icon.png in Resources */,
				AF124C4F1A035B7200F9591D /* lock_icon@2x.png in Resources */,
				AF124C211A035B7200F9591D /* heat_icon@2x.png in Resources */,
				AF124C2E1A035B7200F9591D /* moisture_icon.png in Resources */,
				AF124C1B1A035B7200F9591D /* door_icon@2x.png in Resources */,
				AF124C251A035B7200F9591D /* horiz_line@2x.png in Resources */,
				AF124C551A035B7200F9591D /* play_icon@2x.png in Resources */,
				AF124C3F1A035B7200F9591D /* temp_icon@2x.png in Resources */,
				AF124C591A035B7200F9591D /* unlock_icon@2x.png in Resources */,
				AF124C581A035B7200F9591D /* unlock_icon.png in Resources */,
				AF124C4D1A035B7200F9591D /* key_icon@2x.png in Resources */,
				AF124C2F1A035B7200F9591D /* moisture_icon@2x.png in Resources */,
				AF124C561A035B7200F9591D /* textField_line.png in Resources */,
				8168A5381A0A8533005943EA /* DeviceListingCell.xib in Resources */,
				AF124C571A035B7200F9591D /* textField_line@2x.png in Resources */,
				AF124BC11A0356DE00F9591D /* ElementCell.xib in Resources */,
				AF124C411A035B7200F9591D /* thermostat_icon@2x.png in Resources */,
				AF124C5B1A035B7200F9591D /* user_icon@2x.png in Resources */,
				AF124C311A035B7200F9591D /* more_icon@2x.png in Resources */,
				AF124C3B1A035B7200F9591D /* security_icon@2x.png in Resources */,
				AF124C291A035B7200F9591D /* lifx_icon.png in Resources */,
				AF124C4A1A035B7200F9591D /* dots.png in Resources */,
				AF124C621A035B7200F9591D /* logo.png in Resources */,
				AF124C5C1A035B7200F9591D /* bg.png in Resources */,
				AF124C3C1A035B7200F9591D /* settings_icon.png in Resources */,
				AF124C5F1A035B7200F9591D /* loading_line1@2x.png in Resources */,
				AF124C221A035B7200F9591D /* home_parts_bg.png in Resources */,
				AF124C521A035B7200F9591D /* loginbg.png in Resources */,
				AF124C231A035B7200F9591D /* home_parts_bg@2x.png in Resources */,
				E7012C7319EE2A10001EBCE0 /* Main_iPad.storyboard in Resources */,
				AF124C1E1A035B7200F9591D /* frequen_bg.png in Resources */,
				AF124C401A035B7200F9591D /* thermostat_icon.png in Resources */,
				AF124C531A035B7200F9591D /* loginbg@2x.png in Resources */,
				AF124C431A035B7200F9591D /* top_navi@2x.png in Resources */,
				AF124C3D1A035B7200F9591D /* settings_icon@2x.png in Resources */,
				AF124C271A035B7200F9591D /* key_icon.png in Resources */,
				AF124C421A035B7200F9591D /* top_navi.png in Resources */,
				AF124C541A035B7200F9591D /* play_icon.png in Resources */,
				AF124C5E1A035B7200F9591D /* loading_line1.png in Resources */,
				AF124C171A035B7200F9591D /* bulb_icon.png in Resources */,
				AF124C1F1A035B7200F9591D /* frequen_bg@2x.png in Resources */,
				AF124C191A035B7200F9591D /* chromecast_icon.png in Resources */,
				E73829E119EBCEA6000AA7DA /* Images.xcassets in Resources */,
				8145B6291A08FA4700240CDF /* ElementCell_iPhone.xib in Resources */,
				E7B9943019F6914B00061F78 /* Main_iPhone.storyboard in Resources */,
				AF124C201A035B7200F9591D /* heat_icon.png in Resources */,
				AF124C351A035B7200F9591D /* number_bg@2x.png in Resources */,
				AF124C4E1A035B7200F9591D /* lock_icon.png in Resources */,
				81B8D1581A0BB9000021CC84 /* LICENCE.txt in Resources */,
				AF124C5D1A035B7200F9591D /* bg@2x.png in Resources */,
				AF124C471A035B7200F9591D /* veric_line@2x.png in Resources */,
				AF124C241A035B7200F9591D /* horiz_line.png in Resources */,
			);
			runOnlyForDeploymentPostprocessing = 0;
		};
		E73829E719EBCEA6000AA7DA /* Resources */ = {
			isa = PBXResourcesBuildPhase;
			buildActionMask = 2147483647;
			files = (
			);
			runOnlyForDeploymentPostprocessing = 0;
		};
/* End PBXResourcesBuildPhase section */

/* Begin PBXSourcesBuildPhase section */
		E73829CC19EBCEA6000AA7DA /* Sources */ = {
			isa = PBXSourcesBuildPhase;
			buildActionMask = 2147483647;
			files = (
				AF124B121A03567A00F9591D /* DashBoardController.m in Sources */,
				AF124B141A03567A00F9591D /* ProfileViewController.m in Sources */,
				81B8D1591A0BB9000021CC84 /* NSData+SRB64Additions.m in Sources */,
				81B8D14F1A0BB9000021CC84 /* GTMNSScanner+Unsigned.m in Sources */,
				81B8D15B1A0BB9000021CC84 /* SRWebSocket.m in Sources */,
				EF7025E41A0B8B7C0092848B /* HPDevice.m in Sources */,
				81B8D14D1A0BB9000021CC84 /* GTMMethodCheck.m in Sources */,
				E73829D919EBCEA6000AA7DA /* AppDelegate.m in Sources */,
				81B8D14C1A0BB9000021CC84 /* GCDAsyncUdpSocket.m in Sources */,
				AF124BC21A0356DE00F9591D /* TotalElementCell.m in Sources */,
				81B8D1521A0BB9000021CC84 /* GTMStringEncoding.m in Sources */,
				81B8D1641A0BB9600021CC84 /* Devices.m in Sources */,
				81C5B6D41A0367E40027427D /* Utility.m in Sources */,
				81B8D1571A0BB9000021CC84 /* base64.c in Sources */,
				81B8D1511A0BB9000021CC84 /* GTMObjC2Runtime.m in Sources */,
				81B8D1211A0B49E30021CC84 /* DeviceListingCell.m in Sources */,
				8145B61F1A08AD4C00240CDF /* DeviceListViewController.m in Sources */,
				81B8D1681A0BB9600021CC84 /* Util.m in Sources */,
				81B8D15A1A0BB9000021CC84 /* README.md in Sources */,
				81B8D1541A0BB9000021CC84 /* OTPAuthURL.m in Sources */,
				81B8D1651A0BB9600021CC84 /* Monitor.m in Sources */,
				81B8D1501A0BB9000021CC84 /* GTMNSString+URLArguments.m in Sources */,
				AF124B131A03567A00F9591D /* LoginViewController.m in Sources */,
				81B8D1561A0BB9000021CC84 /* TOTPGenerator.m in Sources */,
				81B8D1531A0BB9000021CC84 /* HOTPGenerator.m in Sources */,
				81B8D1631A0BB9600021CC84 /* Client.m in Sources */,
				AF124BC01A0356DE00F9591D /* ElementCell.m in Sources */,
				81B8D14E1A0BB9000021CC84 /* GTMNSDictionary+URLArguments.m in Sources */,
				8145B6221A08AE8000240CDF /* NetworkManager.m in Sources */,
				81B8D1281A0B58040021CC84 /* DeviceSettingsController.m in Sources */,
				E73829D619EBCEA6000AA7DA /* main.m in Sources */,
				81B8D1551A0BB9000021CC84 /* OTPGenerator.m in Sources */,
				81B8D1661A0BB9600021CC84 /* Perform.m in Sources */,
				81B8D1671A0BB9600021CC84 /* Steward.m in Sources */,
			);
			runOnlyForDeploymentPostprocessing = 0;
		};
		E73829E519EBCEA6000AA7DA /* Sources */ = {
			isa = PBXSourcesBuildPhase;
			buildActionMask = 2147483647;
			files = (
				E73829F019EBCEA6000AA7DA /* Home_ProjectTests.m in Sources */,
			);
			runOnlyForDeploymentPostprocessing = 0;
		};
/* End PBXSourcesBuildPhase section */

/* Begin PBXTargetDependency section */
		E73829EB19EBCEA6000AA7DA /* PBXTargetDependency */ = {
			isa = PBXTargetDependency;
			target = E73829CF19EBCEA6000AA7DA /* Home Project */;
			targetProxy = E73829EA19EBCEA6000AA7DA /* PBXContainerItemProxy */;
		};
/* End PBXTargetDependency section */

/* Begin PBXVariantGroup section */
		E73829DD19EBCEA6000AA7DA /* Main_iPad.storyboard */ = {
			isa = PBXVariantGroup;
			children = (
				E73829DE19EBCEA6000AA7DA /* Base */,
			);
			name = Main_iPad.storyboard;
			sourceTree = "<group>";
		};
		E7AC5F5719F11B6700A8A303 /* LaunchScreen.xib */ = {
			isa = PBXVariantGroup;
			children = (
				E7AC5F5819F11B6700A8A303 /* Base */,
			);
			name = LaunchScreen.xib;
			path = ..;
			sourceTree = "<group>";
		};
/* End PBXVariantGroup section */

/* Begin XCBuildConfiguration section */
		E73829F119EBCEA6000AA7DA /* Debug */ = {
			isa = XCBuildConfiguration;
			buildSettings = {
				ALWAYS_SEARCH_USER_PATHS = NO;
				ASSETCATALOG_COMPILER_APPICON_NAME = AppIcon;
				ASSETCATALOG_COMPILER_LAUNCHIMAGE_NAME = LaunchImage;
				CLANG_CXX_LANGUAGE_STANDARD = "gnu++0x";
				CLANG_CXX_LIBRARY = "libc++";
				CLANG_ENABLE_MODULES = YES;
				CLANG_ENABLE_OBJC_ARC = YES;
				CLANG_WARN_BOOL_CONVERSION = YES;
				CLANG_WARN_CONSTANT_CONVERSION = YES;
				CLANG_WARN_DIRECT_OBJC_ISA_USAGE = YES_ERROR;
				CLANG_WARN_EMPTY_BODY = YES;
				CLANG_WARN_ENUM_CONVERSION = YES;
				CLANG_WARN_INT_CONVERSION = YES;
				CLANG_WARN_OBJC_ROOT_CLASS = YES_ERROR;
				CLANG_WARN_UNREACHABLE_CODE = YES;
				CLANG_WARN__DUPLICATE_METHOD_MATCH = YES;
				CODE_SIGN_IDENTITY = "iPhone Developer: shruti hegde (Y77XUML93U)";
				"CODE_SIGN_IDENTITY[sdk=iphoneos*]" = "iPhone Developer: shruti hegde (Y77XUML93U)";
				COPY_PHASE_STRIP = NO;
				ENABLE_STRICT_OBJC_MSGSEND = YES;
				GCC_C_LANGUAGE_STANDARD = gnu99;
				GCC_DYNAMIC_NO_PIC = NO;
				GCC_OPTIMIZATION_LEVEL = 0;
				GCC_PREPROCESSOR_DEFINITIONS = (
					"DEBUG=1",
					"$(inherited)",
				);
				GCC_SYMBOLS_PRIVATE_EXTERN = NO;
				GCC_WARN_64_TO_32_BIT_CONVERSION = YES;
				GCC_WARN_ABOUT_RETURN_TYPE = YES_ERROR;
				GCC_WARN_UNDECLARED_SELECTOR = YES;
				GCC_WARN_UNINITIALIZED_AUTOS = YES_AGGRESSIVE;
				GCC_WARN_UNUSED_FUNCTION = YES;
				GCC_WARN_UNUSED_VARIABLE = YES;
				IPHONEOS_DEPLOYMENT_TARGET = 7.0;
				MTL_ENABLE_DEBUG_INFO = YES;
				ONLY_ACTIVE_ARCH = YES;
				PROVISIONING_PROFILE = "21cac72f-2d1d-4dd2-b570-44b8e9020156";
				SDKROOT = iphoneos;
				TARGETED_DEVICE_FAMILY = "1,2";
			};
			name = Debug;
		};
		E73829F219EBCEA6000AA7DA /* Release */ = {
			isa = XCBuildConfiguration;
			buildSettings = {
				ALWAYS_SEARCH_USER_PATHS = NO;
				ASSETCATALOG_COMPILER_APPICON_NAME = AppIcon;
				ASSETCATALOG_COMPILER_LAUNCHIMAGE_NAME = LaunchImage;
				CLANG_CXX_LANGUAGE_STANDARD = "gnu++0x";
				CLANG_CXX_LIBRARY = "libc++";
				CLANG_ENABLE_MODULES = YES;
				CLANG_ENABLE_OBJC_ARC = YES;
				CLANG_WARN_BOOL_CONVERSION = YES;
				CLANG_WARN_CONSTANT_CONVERSION = YES;
				CLANG_WARN_DIRECT_OBJC_ISA_USAGE = YES_ERROR;
				CLANG_WARN_EMPTY_BODY = YES;
				CLANG_WARN_ENUM_CONVERSION = YES;
				CLANG_WARN_INT_CONVERSION = YES;
				CLANG_WARN_OBJC_ROOT_CLASS = YES_ERROR;
				CLANG_WARN_UNREACHABLE_CODE = YES;
				CLANG_WARN__DUPLICATE_METHOD_MATCH = YES;
				CODE_SIGN_IDENTITY = "iPhone Developer: shruti hegde (Y77XUML93U)";
				"CODE_SIGN_IDENTITY[sdk=iphoneos*]" = "iPhone Developer: shruti hegde (Y77XUML93U)";
				COPY_PHASE_STRIP = YES;
				ENABLE_NS_ASSERTIONS = NO;
				ENABLE_STRICT_OBJC_MSGSEND = YES;
				GCC_C_LANGUAGE_STANDARD = gnu99;
				GCC_WARN_64_TO_32_BIT_CONVERSION = YES;
				GCC_WARN_ABOUT_RETURN_TYPE = YES_ERROR;
				GCC_WARN_UNDECLARED_SELECTOR = YES;
				GCC_WARN_UNINITIALIZED_AUTOS = YES_AGGRESSIVE;
				GCC_WARN_UNUSED_FUNCTION = YES;
				GCC_WARN_UNUSED_VARIABLE = YES;
				IPHONEOS_DEPLOYMENT_TARGET = 7.0;
				MTL_ENABLE_DEBUG_INFO = NO;
				PROVISIONING_PROFILE = "21cac72f-2d1d-4dd2-b570-44b8e9020156";
				SDKROOT = iphoneos;
				TARGETED_DEVICE_FAMILY = "1,2";
				VALIDATE_PRODUCT = YES;
			};
			name = Release;
		};
		E73829F419EBCEA6000AA7DA /* Debug */ = {
			isa = XCBuildConfiguration;
			buildSettings = {
				ASSETCATALOG_COMPILER_APPICON_NAME = AppIcon;
				ASSETCATALOG_COMPILER_LAUNCHIMAGE_NAME = LaunchImage;
				CODE_SIGN_IDENTITY = "iPhone Developer";
				"CODE_SIGN_IDENTITY[sdk=iphoneos*]" = "iPhone Developer";
				INFOPLIST_FILE = "Home Project/Info.plist";
				IPHONEOS_DEPLOYMENT_TARGET = 7.0;
				LD_RUNPATH_SEARCH_PATHS = "$(inherited) @executable_path/Frameworks";
				LIBRARY_SEARCH_PATHS = (
					"$(inherited)",
					"$(PROJECT_DIR)",
				);
				OTHER_LDFLAGS = "-ObjC";
				PRODUCT_NAME = "$(TARGET_NAME)";
				PROVISIONING_PROFILE = "";
				TARGETED_DEVICE_FAMILY = "1,2";
			};
			name = Debug;
		};
		E73829F519EBCEA6000AA7DA /* Release */ = {
			isa = XCBuildConfiguration;
			buildSettings = {
				ASSETCATALOG_COMPILER_APPICON_NAME = AppIcon;
				ASSETCATALOG_COMPILER_LAUNCHIMAGE_NAME = LaunchImage;
				CODE_SIGN_IDENTITY = "iPhone Developer";
				"CODE_SIGN_IDENTITY[sdk=iphoneos*]" = "iPhone Developer";
				INFOPLIST_FILE = "Home Project/Info.plist";
				IPHONEOS_DEPLOYMENT_TARGET = 7.0;
				LD_RUNPATH_SEARCH_PATHS = "$(inherited) @executable_path/Frameworks";
				LIBRARY_SEARCH_PATHS = (
					"$(inherited)",
					"$(PROJECT_DIR)",
				);
				OTHER_LDFLAGS = "-ObjC";
				PRODUCT_NAME = "$(TARGET_NAME)";
				PROVISIONING_PROFILE = "";
				TARGETED_DEVICE_FAMILY = "1,2";
			};
			name = Release;
		};
		E73829F719EBCEA6000AA7DA /* Debug */ = {
			isa = XCBuildConfiguration;
			buildSettings = {
				BUNDLE_LOADER = "$(TEST_HOST)";
				FRAMEWORK_SEARCH_PATHS = (
					"$(SDKROOT)/Developer/Library/Frameworks",
					"$(inherited)",
				);
				GCC_PREPROCESSOR_DEFINITIONS = (
					"DEBUG=1",
					"$(inherited)",
				);
				INFOPLIST_FILE = "Home ProjectTests/Info.plist";
				LD_RUNPATH_SEARCH_PATHS = "$(inherited) @executable_path/Frameworks @loader_path/Frameworks";
				PRODUCT_NAME = "$(TARGET_NAME)";
				TEST_HOST = "$(BUILT_PRODUCTS_DIR)/Home Project.app/Home Project";
			};
			name = Debug;
		};
		E73829F819EBCEA6000AA7DA /* Release */ = {
			isa = XCBuildConfiguration;
			buildSettings = {
				BUNDLE_LOADER = "$(TEST_HOST)";
				FRAMEWORK_SEARCH_PATHS = (
					"$(SDKROOT)/Developer/Library/Frameworks",
					"$(inherited)",
				);
				INFOPLIST_FILE = "Home ProjectTests/Info.plist";
				LD_RUNPATH_SEARCH_PATHS = "$(inherited) @executable_path/Frameworks @loader_path/Frameworks";
				PRODUCT_NAME = "$(TARGET_NAME)";
				TEST_HOST = "$(BUILT_PRODUCTS_DIR)/Home Project.app/Home Project";
			};
			name = Release;
		};
/* End XCBuildConfiguration section */

/* Begin XCConfigurationList section */
		E73829CB19EBCEA6000AA7DA /* Build configuration list for PBXProject "Home Project" */ = {
			isa = XCConfigurationList;
			buildConfigurations = (
				E73829F119EBCEA6000AA7DA /* Debug */,
				E73829F219EBCEA6000AA7DA /* Release */,
			);
			defaultConfigurationIsVisible = 0;
			defaultConfigurationName = Release;
		};
		E73829F319EBCEA6000AA7DA /* Build configuration list for PBXNativeTarget "Home Project" */ = {
			isa = XCConfigurationList;
			buildConfigurations = (
				E73829F419EBCEA6000AA7DA /* Debug */,
				E73829F519EBCEA6000AA7DA /* Release */,
			);
			defaultConfigurationIsVisible = 0;
			defaultConfigurationName = Release;
		};
		E73829F619EBCEA6000AA7DA /* Build configuration list for PBXNativeTarget "Home ProjectTests" */ = {
			isa = XCConfigurationList;
			buildConfigurations = (
				E73829F719EBCEA6000AA7DA /* Debug */,
				E73829F819EBCEA6000AA7DA /* Release */,
			);
			defaultConfigurationIsVisible = 0;
			defaultConfigurationName = Release;
		};
/* End XCConfigurationList section */
	};
	rootObject = E73829C819EBCEA6000AA7DA /* Project object */;
}
